github.com/ThreeDotsLabs/watermill v1.5.2 h1:0ES33Eq1jEsP/pWvtE4n8bE0bs+9Jq7boT7wGBCVY6Q=
github.com/ThreeDotsLabs/watermill v1.5.2/go.mod h1:i9/968UriGphWfEbfMuYSD1qFbYRjb0mE0r+rV0FPp4=
github.com/cenkalti/backoff/v5 v5.0.3 h1:ZN+IMa753KfX5hd8vVaMixjnqRZ3y8CuJKRKj1xcsSM=
github.com/cenkalti/backoff/v5 v5.0.3/go.mod h1:rkhZdG3JZukswDf7f0cwqPNk4K0sa+F97BxZthm/crw=
github.com/cespare/xxhash/v2 v2.3.0 h1:UL815xU9SqsFlibzuggzjXhog7bL6oX9BbNZnL2UFvs=
github.com/cespare/xxhash/v2 v2.3.0/go.mod h1:VGX0DQ3Q6kWi7AoAeZDth3/j3BFtOZR5XLFGgcrjCOs=
github.com/davecgh/go-spew v1.1.0/go.mod h1:J7Y8YcW2NihsgmVo/mv3lAwl/skON4iLHjSsI+c5H38=
github.com/davecgh/go-spew v1.1.2-0.20180830191138-d8f796af33cc h1:U9qPSI2PIWSS1VwoXQT9A3Wy9MM3WgvqSxFWenqJduM=
github.com/davecgh/go-spew v1.1.2-0.20180830191138-d8f796af33cc/go.mod h1:J7Y8YcW2NihsgmVo/mv3lAwl/skON4iLHjSsI+c5H38=
github.com/fxamacker/cbor/v2 v2.9.2 h1:X4Ksno9+x3cz0TZv69ec1hxP/+tymuR8PXQJyDwfh78=
github.com/fxamacker/cbor/v2 v2.9.2/go.mod h1:vM4b+DJCtHn+zz7h3FFp/hDAI9WNWCsZj23V5ytsSxQ=
github.com/go-logr/logr v1.2.2/go.mod h1:jdQByPbusPIv2/zmleS9BjJVeZ6kBagPoEUsqbVz/1A=
github.com/go-logr/logr v1.4.4 h1:tG4xh9yMsRCAiodLVTxyrkzSZ9+o0L1Kg/+cPVcbP/8=
github.com/go-logr/logr v1.4.4/go.mod h1:9T104GzyrTigFIr8wt5mBrctHMim0Nb2HLGrmQ40KvY=
github.com/go-logr/stdr v1.2.2 h1:hSWxHoqTgW2S2qGc0LTAI563KZ5YKYRhT3MFKZMbjag=
github.com/go-logr/stdr v1.2.2/go.mod h1:mMo/vtBO5dYbehREoey6XUKy/eSumjCCveDpRre4VKE=
github.com/google/go-cmp v0.7.0 h1:wk8382ETsv4JYUZwIsn6YpYiWiBsYLSJiTsyBybVuN8=
github.com/google/uuid v1.2.0/go.mod h1:TIyPZe4MgqvfeYDBFedMoGGpEw/LqOeaOT+nhxU+yHo=
github.com/google/uuid v1.6.0 h1:NIvaJDMOsjHA8n1jAhLSgzrAzy1Hgr+hNrb57e+94F0=
github.com/google/uuid v1.6.0/go.mod h1:TIyPZe4MgqvfeYDBFedMoGGpEw/LqOeaOT+nhxU+yHo=
github.com/larsartmann/go-branded-id v0.3.2 h1:Vbe5/LRuR2ycDFpDKuuuG8brBRYvSYcOU1nqV8IIZPI=
github.com/larsartmann/go-branded-id v0.3.2/go.mod h1:xoQYcGTGrMqRYB8cMKHe2efq8S6stQGg3nW4DzXVWpA=
github.com/larsartmann/go-cqrs-lite/codec/v4 v4.0.3 h1:sc+OK/RAQ2PyJhmpzjNigFTGyE0hBmEa4No6RoFCajw=
github.com/larsartmann/go-cqrs-lite/codec/v4 v4.0.3/go.mod h1:xkjAUorag4fM6IcZzhjK36Qztm8Gdy7rxsSBv0T1GEU=
github.com/larsartmann/go-cqrs-lite/codec/v4 v4.0.4 h1:Qbzu18jHmG359WTGMIBkup1nC6vXZ52jan+fwpQq8Us=
github.com/larsartmann/go-cqrs-lite/codec/v4 v4.0.4/go.mod h1:xkjAUorag4fM6IcZzhjK36Qztm8Gdy7rxsSBv0T1GEU=
github.com/larsartmann/go-cqrs-lite/command/v4 v4.0.1 h1:MMmMiQDOSsDGPNSg9hQBi+hJCN1Q4dkxh9d4yUVH/yA=
github.com/larsartmann/go-cqrs-lite/command/v4 v4.0.1/go.mod h1:8FA8G3EmkC+WG9lKCqxAa+e0Sg8mJITQdPausWY0fFc=
github.com/larsartmann/go-cqrs-lite/command/v4 v4.0.2 h1:K0dFAYHUUsB8buO8/h3eFr2rMgbMSmA6AJdCtD0Hpe0=
github.com/larsartmann/go-cqrs-lite/command/v4 v4.0.2/go.mod h1:sPdqJALXM9ec7Ri2ywZ2x98noZW50xkzCd6Gm4De3dA=
github.com/larsartmann/go-cqrs-lite/dedup/v4 v4.0.0 h1:qnHYTUCKiIEkPMPmjT3OmKdXneyrKWetAJyPit78ySQ=
github.com/larsartmann/go-cqrs-lite/dedup/v4 v4.0.0/go.mod h1:NM/NacdpWxfy7swhdOL4qdWjra/lOZ9zXvr6qgixbjg=
github.com/larsartmann/go-cqrs-lite/dedup/v4 v4.0.1 h1:tI/p+w6Soz6D9y6g0f2lFdP9fpMESJEKTAoOJBssbD4=
github.com/larsartmann/go-cqrs-lite/dedup/v4 v4.0.1/go.mod h1:NM/NacdpWxfy7swhdOL4qdWjra/lOZ9zXvr6qgixbjg=
github.com/larsartmann/go-cqrs-lite/dispatcher/v4 v4.0.1 h1:UOP8M/cFzNfMkhw0JUM0ERipaptkvxrwNAa1aGIHCA4=
github.com/larsartmann/go-cqrs-lite/dispatcher/v4 v4.0.1/go.mod h1:R0ovpgR0KXd4gYeqJm4E5MlZcO0EAXlYbdioyWC5Vy8=
github.com/larsartmann/go-cqrs-lite/dispatcher/v4 v4.0.2 h1:a96Rjl/gHxdFLjoaAiJKs8/rJa35dNcqcUKy70ehtQA=
github.com/larsartmann/go-cqrs-lite/dispatcher/v4 v4.0.2/go.mod h1:R0ovpgR0KXd4gYeqJm4E5MlZcO0EAXlYbdioyWC5Vy8=
github.com/larsartmann/go-cqrs-lite/event/v4 v4.0.4 h1:0bnlBfwPHAllizQuEPfuHNXRwRmrqgD2ik9eqj8euA4=
github.com/larsartmann/go-cqrs-lite/event/v4 v4.0.4/go.mod h1:eGmR58fRnxBqYtJ97uUANzh+USvqY0+6stE8YXmSLbc=
github.com/larsartmann/go-cqrs-lite/id/v4 v4.0.1 h1:kTg3RQfUrVutkqVZhhNQBoF0ekwDp1MQYMeYDZhTq8g=
github.com/larsartmann/go-cqrs-lite/id/v4 v4.0.1/go.mod h1:N8MA5o8ly6TZvZ2IoO45Njvr+Ta0btHabFcNTn+pYrY=
github.com/larsartmann/go-cqrs-lite/id/v4 v4.0.3 h1:a2i7dOw6w77CKr/hXLML+Vb9lelsvg5bnh8x6CI5qvE=
github.com/larsartmann/go-cqrs-lite/id/v4 v4.0.3/go.mod h1:N8MA5o8ly6TZvZ2IoO45Njvr+Ta0btHabFcNTn+pYrY=
github.com/larsartmann/go-cqrs-lite/idempotency/v4 v4.0.1 h1:cbFVki6ZfWMsamBqM8AYoJs0jivSP3PxEbnlR1iEO8g=
github.com/larsartmann/go-cqrs-lite/idempotency/v4 v4.0.1/go.mod h1:4dOjs/wMUyez1oG0Fdbaoe5NmMTXlKiVad37VmSMjcc=
github.com/larsartmann/go-cqrs-lite/idempotency/v4 v4.0.2 h1:Igf+YmkFeMC+83UxR0xJGV8xL8GtC8J6HvMNTD0icx0=
github.com/larsartmann/go-cqrs-lite/idempotency/v4 v4.0.2/go.mod h1:4dOjs/wMUyez1oG0Fdbaoe5NmMTXlKiVad37VmSMjcc=
github.com/larsartmann/go-cqrs-lite/metadata/v4 v4.0.1 h1:fOqr565QDzVUf+F4OyE0PI/nlDdMAoEdThktry7ABe4=
github.com/larsartmann/go-cqrs-lite/metadata/v4 v4.0.1/go.mod h1:yM/AWoMMPTQJL3bkpSBq8TL60UPLpe2K76I70CLD1sU=
github.com/larsartmann/go-cqrs-lite/metadata/v4 v4.0.2 h1:K+dzVDOOz96D44Tl4Zsx4sSnLM8TwiQNlHF+jo9vBRg=
github.com/larsartmann/go-cqrs-lite/metadata/v4 v4.0.2/go.mod h1:yM/AWoMMPTQJL3bkpSBq8TL60UPLpe2K76I70CLD1sU=
github.com/larsartmann/go-cqrs-lite/otel/v4 v4.0.2 h1:hq2VzTYwkXo9yzGyAgxjs30JuMJsNI9Ncs9OPGJ640U=
github.com/larsartmann/go-cqrs-lite/otel/v4 v4.0.2/go.mod h1:7zrkQ7YwTafIk5DIB6Sm0EoYEc0KIS6GGfxAL7CUjHs=
github.com/larsartmann/go-cqrs-lite/otel/v4 v4.0.3 h1:5T4lS9SbRWKMEPjNmwjtk4pMNFkdR3DPys0em4wsEMo=
github.com/larsartmann/go-cqrs-lite/otel/v4 v4.0.3/go.mod h1:7zrkQ7YwTafIk5DIB6Sm0EoYEc0KIS6GGfxAL7CUjHs=
github.com/larsartmann/go-cqrs-lite/projection/v4 v4.0.1 h1:EOXOg6Ab/pl/d06pqf4EOOcoAywtK1KNLRZaz8j2ilY=
github.com/larsartmann/go-cqrs-lite/projection/v4 v4.0.1/go.mod h1:gpS/kRu+3Z70aJffbYNLBGCnce7BjxbFS0MFvJAvmK0=
github.com/larsartmann/go-cqrs-lite/projection/v4 v4.0.2 h1:492tVRJAFgTQdGWbfvxvlHNVv8pakfsW42wC2gQnvoE=
github.com/larsartmann/go-cqrs-lite/projection/v4 v4.0.2/go.mod h1:F+l/3oqwkgGLeJlIpAqj3kqVOGaj5wc+jBpV7HnQZNU=
github.com/larsartmann/go-cqrs-lite/query/v4 v4.0.1 h1:LDRvKVMeQeb4EISxTCx4Lrb8X1VjZMvemC8nUZb3POI=
github.com/larsartmann/go-cqrs-lite/query/v4 v4.0.1/go.mod h1:ApKfabZl05Ro5+r2E0zzWb189NPuhqGPWAEOHNhvqzU=
github.com/larsartmann/go-cqrs-lite/query/v4 v4.0.2 h1:15Asfc5HEjDJhpiXAMx+9fiL+2VciIhQH8pl7jGdpks=
github.com/larsartmann/go-cqrs-lite/query/v4 v4.0.2/go.mod h1:xGDAknLyDjzdOPAJbF/TRMcKZeQRSXdFvpEJWv1wF+A=
github.com/larsartmann/go-cqrs-lite/snapshot/v4 v4.0.2 h1:22UdaeqWPpn7KBHGq1LSrDLYKdx6fBbGVm53+Pwr0UU=
github.com/larsartmann/go-cqrs-lite/snapshot/v4 v4.0.2/go.mod h1:CUoN7+/nUU31P0fbfUi3dn2fTa6/ZWkabx/2YMHQPCI=
github.com/larsartmann/go-cqrs-lite/snapshot/v4 v4.0.3 h1:wKnwgTLAjihZj49nA6WrmHIObR9evlAeWAPI+Guv9iI=
github.com/larsartmann/go-cqrs-lite/snapshot/v4 v4.0.3/go.mod h1:0Y8lnK8cVeRw2hK9P7879N16s8yjfshiWrIGIPTc86U=
github.com/larsartmann/go-cqrs-lite/watermill/v4 v4.0.3 h1:GUc5580DOcrzdSLZG7v5OflhDCU1hNbsbZnE1xOLUzA=
github.com/larsartmann/go-cqrs-lite/watermill/v4 v4.0.3/go.mod h1:z/v8eXRolshyDOdtc+wdkSuyyEOhWLKPST3PsC3pEJg=
github.com/larsartmann/go-cqrs-lite/watermill/v4 v4.0.4 h1:m7vhp5iwx1d73g6msUwxPyUGBMknMNQV3zhBjAvvYC0=
github.com/larsartmann/go-cqrs-lite/watermill/v4 v4.0.4/go.mod h1:md250XVO2dTc6Y78QMb8chk/ZtnujaMfno7v/dlc++E=
github.com/larsartmann/go-error-family v0.7.0 h1:D3fMZbx0gjVjtWOyIfevlUKWMWE65NnHFwtpBP3l9bw=
github.com/larsartmann/go-error-family v0.7.0/go.mod h1:JEvLiYWT8p9WrNXrD1Ow97DphYsB9Bksr2lNmwG3Vm4=
github.com/larsartmann/go-error-family v0.8.0 h1:dBdOJ4VKINK/90JJqSJb5LwEW5fnU9wzU23rLp2FGp4=
github.com/larsartmann/go-error-family v0.8.0/go.mod h1:JEvLiYWT8p9WrNXrD1Ow97DphYsB9Bksr2lNmwG3Vm4=
github.com/lithammer/shortuuid/v3 v3.0.7 h1:trX0KTHy4Pbwo/6ia8fscyHoGA+mf1jWbPJVuvyJQQ8=
github.com/lithammer/shortuuid/v3 v3.0.7/go.mod h1:vMk8ke37EmiewwolSO1NLW8vP4ZaKlRuDIi8tWWmAts=
github.com/oklog/ulid v1.3.1 h1:EGfNDEx6MqHz8B3uNV6QAib1UR2Lm97sHi3ocA6ESJ4=
github.com/oklog/ulid v1.3.1/go.mod h1:CirwcVhetQ6Lv90oh/F+FBtV6XMibvdAFo93nm5qn4U=
github.com/oklog/ulid/v2 v2.1.1 h1:suPZ4ARWLOJLegGFiZZ1dFAkqzhMjL3J1TzI+5wHz8s=
github.com/oklog/ulid/v2 v2.1.1/go.mod h1:rcEKHmBBKfef9DhnvX7y1HZBYxjXb0cP5ExxNsTT1QQ=
github.com/onsi/ginkgo/v2 v2.32.0 h1:Hw7s2pVrQo/8Yz5N77qdnpHaoc+c6cC9WIV1Jce+J6E=
github.com/onsi/gomega v1.42.1 h1:iN1rCUX+44NZ1Dc97MPoeFYbFR0vh8zxoxMFwKdyZ6I=
github.com/pborman/getopt v0.0.0-20170112200414-7148bc3a4c30/go.mod h1:85jBQOZwpVEaDAr341tbn15RS4fCAsIst0qp7i8ex1o=
github.com/pkg/errors v0.9.1 h1:FEBLx1zS214owpjy7qsBeixbURkuhQAwrK5UwLGTwt4=
github.com/pkg/errors v0.9.1/go.mod h1:bwawxfHBFNV+L2hUp1rHADufV3IMtnDRdf1r5NINEl0=
github.com/pmezard/go-difflib v1.0.0/go.mod h1:iKH77koFhYxTK1pcRnkKkqfTogsbg7gZNVY4sRDYZ/4=
github.com/pmezard/go-difflib v1.0.1-0.20181226105442-5d4384ee4fb2 h1:Jamvg5psRIccs7FGNTlIRMkT8wgtp5eCXdBlqhYGL6U=
github.com/pmezard/go-difflib v1.0.1-0.20181226105442-5d4384ee4fb2/go.mod h1:iKH77koFhYxTK1pcRnkKkqfTogsbg7gZNVY4sRDYZ/4=
github.com/sony/gobreaker v1.0.0 h1:feX5fGGXSl3dYd4aHZItw+FpHLvvoaqkawKjVNiFMNQ=
github.com/sony/gobreaker v1.0.0/go.mod h1:ZKptC7FHNvhBz7dN2LGjPVBz2sZJmc0/PkyDJOjmxWY=
github.com/stretchr/objx v0.1.0/go.mod h1:HFkY916IF+rwdDfMAkV7OtwuqBVzrE8GR6GFx+wExME=
github.com/stretchr/testify v1.3.0/go.mod h1:M5WIy9Dh21IEIfnGCwXGc5bZfKNJtfHm1UVUgZn+9EI=
github.com/stretchr/testify v1.11.1 h1:7s2iGBzp5EwR7/aIZr8ao5+dra3wiQyKjjFuvgVKu7U=
github.com/stretchr/testify v1.11.1/go.mod h1:wZwfW3scLgRK+23gO65QZefKpKQRnfz6sD981Nm4B6U=
github.com/x448/float16 v0.8.4 h1:qLwI1I70+NjRFUR3zs1JPUCgaCXSh3SW62uAKT1mSBM=
github.com/x448/float16 v0.8.4/go.mod h1:14CWIYCyZA/cWjXOioeEpHeN/83MdbZDRQHoFcYsOfg=
go.opentelemetry.io/auto/sdk v1.2.1 h1:jXsnJ4Lmnqd11kwkBV2LgLoFMZKizbCi5fNZ/ipaZ64=
go.opentelemetry.io/auto/sdk v1.2.1/go.mod h1:KRTj+aOaElaLi+wW1kO/DZRXwkF4C5xPbEe3ZiIhN7Y=
go.opentelemetry.io/otel v1.44.0 h1:JjwHmHpA4iZ3wBxluu2fbbE7j4kqlE8jXyAyPXH7HqU=
go.opentelemetry.io/otel v1.44.0/go.mod h1:BMgjTHL9WPRlRjL2oZCBTL4whCGtXch2H4BhOPIAyYc=
go.opentelemetry.io/otel/exporters/stdout/stdouttrace v1.44.0 h1:bl2S7Ubua0Nms+D/gAmznQTd4dxxMA93aKbcpKqiTCs=
go.opentelemetry.io/otel/exporters/stdout/stdouttrace v1.44.0/go.mod h1:L0hRV50XdVIODHUfWEqGRCXQvj2rV82STVo12FMFBU0=
go.opentelemetry.io/otel/metric v1.44.0 h1:1w0gILTcHdr3YI+ixLyjemwrVnsMURbTZFrSYCdDdmc=
go.opentelemetry.io/otel/metric v1.44.0/go.mod h1:8O7hanEPBNgEMmybD3s2VBKcgWOCsA6tzHBPODAiquo=
go.opentelemetry.io/otel/metric/x v0.66.0 h1:YkCrx1zLOChi9ZcZ6euupOcsgzbVlec7D/xoEU1+cTA=
go.opentelemetry.io/otel/sdk v1.44.0 h1:nHYwb9lK+fJPU/dnT6s7W7Z8itMWyqrnVfbheVYrZ58=
go.opentelemetry.io/otel/sdk v1.44.0/go.mod h1:Osuydd3Se74nqjAKxid74N5eC+jfEqfTegHRnq58oK0=
go.opentelemetry.io/otel/sdk/metric v1.44.0 h1:3LlKgI+VjbVsjNRFZJZAJ30WjXC5VkNRks6si09iEfI=
go.opentelemetry.io/otel/sdk/metric v1.44.0/go.mod h1:5B5pMARnXxKhltooO4xUuCBorl65a4EpnTalObqOigA=
go.opentelemetry.io/otel/trace v1.44.0 h1:jxF5CsGYCe74MCRx2X4g7WsY/VBKRqqpNvXlX/6gtIk=
go.opentelemetry.io/otel/trace v1.44.0/go.mod h1:oLl1jrMQAVo6v3GAggN+1VH9VIz9iUSvW53sW1Q8PIE=
go.uber.org/goleak v1.3.0 h1:2K3zAYmnTNqV73imy9J1T3WC+gmCePx2hEGkimedGto=
golang.org/x/sys v0.47.0 h1:o7XGOvZQCADBQQ4Y7VNq2dRWQR7JmOUW8Kxx4ZsNgWs=
golang.org/x/sys v0.47.0/go.mod h1:4GL1E5IUh+htKOUEOaiffhrAeqysfVGipDYzABqnCmw=
gopkg.in/yaml.v3 v3.0.1 h1:fxVm/GzAzEWqLHuvctI91KS9hhNmmWOoWu0XTYJS7CA=
gopkg.in/yaml.v3 v3.0.1/go.mod h1:K4uyk7z7BCEPqu6E+C64Yfv1cQ7kz7rIZviUmN+EgEM=
pgregory.net/rapid v1.3.0 h1:vBvO0VSqti75J1jjYqpgPNBLKMd1+gxa9fYo7vk/Exc=
