github.com/fxamacker/cbor/v2 v2.9.2 h1:X4Ksno9+x3cz0TZv69ec1hxP/+tymuR8PXQJyDwfh78=
github.com/fxamacker/cbor/v2 v2.9.2/go.mod h1:vM4b+DJCtHn+zz7h3FFp/hDAI9WNWCsZj23V5ytsSxQ=
github.com/larsartmann/go-branded-id v0.3.2 h1:Vbe5/LRuR2ycDFpDKuuuG8brBRYvSYcOU1nqV8IIZPI=
github.com/larsartmann/go-branded-id v0.3.2/go.mod h1:xoQYcGTGrMqRYB8cMKHe2efq8S6stQGg3nW4DzXVWpA=
github.com/larsartmann/go-cqrs-lite/codec/v4 v4.0.3 h1:sc+OK/RAQ2PyJhmpzjNigFTGyE0hBmEa4No6RoFCajw=
github.com/larsartmann/go-cqrs-lite/codec/v4 v4.0.3/go.mod h1:xkjAUorag4fM6IcZzhjK36Qztm8Gdy7rxsSBv0T1GEU=
github.com/larsartmann/go-cqrs-lite/command/v4 v4.0.1 h1:MMmMiQDOSsDGPNSg9hQBi+hJCN1Q4dkxh9d4yUVH/yA=
github.com/larsartmann/go-cqrs-lite/command/v4 v4.0.1/go.mod h1:8FA8G3EmkC+WG9lKCqxAa+e0Sg8mJITQdPausWY0fFc=
github.com/larsartmann/go-cqrs-lite/dispatcher/v4 v4.0.0 h1:/CKTWit+2tsrk1iu3BV2RRj9j9e7Yc3SBpPCauRWXIM=
github.com/larsartmann/go-cqrs-lite/dispatcher/v4 v4.0.0/go.mod h1:R0ovpgR0KXd4gYeqJm4E5MlZcO0EAXlYbdioyWC5Vy8=
github.com/larsartmann/go-cqrs-lite/event/v4 v4.0.2 h1:ZyWqLhDmYBesfzSGl8yZlTjMTlYxGaj5HHliJHWyO1A=
github.com/larsartmann/go-cqrs-lite/event/v4 v4.0.2/go.mod h1:eVGk4wd183DL0cXwzhp2tsyvTGVqCTtm+rPQP9b8JvU=
github.com/larsartmann/go-cqrs-lite/id/v4 v4.0.1 h1:kTg3RQfUrVutkqVZhhNQBoF0ekwDp1MQYMeYDZhTq8g=
github.com/larsartmann/go-cqrs-lite/id/v4 v4.0.1/go.mod h1:N8MA5o8ly6TZvZ2IoO45Njvr+Ta0btHabFcNTn+pYrY=
github.com/larsartmann/go-cqrs-lite/metadata/v4 v4.0.1 h1:fOqr565QDzVUf+F4OyE0PI/nlDdMAoEdThktry7ABe4=
github.com/larsartmann/go-cqrs-lite/metadata/v4 v4.0.1/go.mod h1:yM/AWoMMPTQJL3bkpSBq8TL60UPLpe2K76I70CLD1sU=
github.com/larsartmann/go-cqrs-lite/query/v4 v4.0.1 h1:LDRvKVMeQeb4EISxTCx4Lrb8X1VjZMvemC8nUZb3POI=
github.com/larsartmann/go-cqrs-lite/query/v4 v4.0.1/go.mod h1:ApKfabZl05Ro5+r2E0zzWb189NPuhqGPWAEOHNhvqzU=
github.com/larsartmann/go-cqrs-lite/snapshot/v4 v4.0.1 h1:zLrymPAIwRZu6fM5UYARYh3Cc7XrZ1db+0QjPhkVWx4=
github.com/larsartmann/go-cqrs-lite/snapshot/v4 v4.0.1/go.mod h1:ewcv9gTPi1req+5mDi6D5FWOEybJMk9pHD+yBPTFUDA=
github.com/larsartmann/go-cqrs-lite/storage/memory/v4 v4.0.0 h1:cu5iabpSMctNoKe0/lB+uhr2q3tcRQqYn/ffbhDMGW8=
github.com/larsartmann/go-cqrs-lite/storage/memory/v4 v4.0.0/go.mod h1:YRsX8oQV7t3GAe2o/1tBrViBODT6iNlFAnKS0T0n0Qc=
github.com/larsartmann/go-error-family v0.7.0 h1:D3fMZbx0gjVjtWOyIfevlUKWMWE65NnHFwtpBP3l9bw=
github.com/larsartmann/go-error-family v0.7.0/go.mod h1:JEvLiYWT8p9WrNXrD1Ow97DphYsB9Bksr2lNmwG3Vm4=
github.com/oklog/ulid/v2 v2.1.1 h1:suPZ4ARWLOJLegGFiZZ1dFAkqzhMjL3J1TzI+5wHz8s=
github.com/oklog/ulid/v2 v2.1.1/go.mod h1:rcEKHmBBKfef9DhnvX7y1HZBYxjXb0cP5ExxNsTT1QQ=
github.com/onsi/ginkgo/v2 v2.32.0 h1:Hw7s2pVrQo/8Yz5N77qdnpHaoc+c6cC9WIV1Jce+J6E=
github.com/onsi/gomega v1.42.1 h1:iN1rCUX+44NZ1Dc97MPoeFYbFR0vh8zxoxMFwKdyZ6I=
github.com/pborman/getopt v0.0.0-20170112200414-7148bc3a4c30/go.mod h1:85jBQOZwpVEaDAr341tbn15RS4fCAsIst0qp7i8ex1o=
github.com/x448/float16 v0.8.4 h1:qLwI1I70+NjRFUR3zs1JPUCgaCXSh3SW62uAKT1mSBM=
github.com/x448/float16 v0.8.4/go.mod h1:14CWIYCyZA/cWjXOioeEpHeN/83MdbZDRQHoFcYsOfg=
pgregory.net/rapid v1.3.0 h1:vBvO0VSqti75J1jjYqpgPNBLKMd1+gxa9fYo7vk/Exc=
