filippo.io/edwards25519 v1.2.0 h1:crnVqOiS4jqYleHd9vaKZ+HKtHfllngJIiOpNpoJsjo=
filippo.io/edwards25519 v1.2.0/go.mod h1:xzAOLCNug/yB62zG1bQ8uziwrIqIuxhctzJT18Q77mc=
github.com/DATA-DOG/go-sqlmock v1.5.2 h1:OcvFkGmslmlZibjAjaHm3L//6LiuBgolP7OputlJIzU=
github.com/DATA-DOG/go-sqlmock v1.5.2/go.mod h1:88MAG/4G7SMwSE3CeA0ZKzrT5CiOU3OJ+JlNzwDqpNU=
github.com/go-sql-driver/mysql v1.10.1 h1:arlSnNLq6a5yxGxV7qg9lF4j0C+KwD6NbQyKr9QL6ME=
github.com/go-sql-driver/mysql v1.10.1/go.mod h1:M+cqaI7+xxXGG9swrdeUIoPG3Y3KCkF0pZej+SK+nWk=
github.com/jackc/pgx/v5 v5.11.0 h1:IzBBtyK9AHqf98cctWFifYSci2hgQR/cd56wB4p+ogg=
github.com/kisielk/sqlstruct v0.0.0-20201105191214-5f3e10d3ab46/go.mod h1:yyMNCyc/Ib3bDTKd379tNMpB/7/H5TjM2Y9QJ5THLbE=
github.com/larsartmann/go-branded-id v0.7.0 h1:k5KT50Kh0WmeniH0rQ3Gvm2RdSAQFZtuRhXWDtQkWhU=
github.com/larsartmann/go-branded-id v0.7.0/go.mod h1:gM5FhB6d23qZO8hIU/rHpUnm/6dwKy9UGMhgvXDqNsc=
github.com/larsartmann/go-cqrs-lite/claiming/v4 v4.0.2 h1:yakAjC4K02sVvudipDP/fhLfSXDuo5rnNBY+hDou34Y=
github.com/larsartmann/go-cqrs-lite/claiming/v4 v4.0.2/go.mod h1:7TQ7fSd6bRqd7lYSTDMPIDCDZtzU/r3KqivP9m1M7gk=
github.com/larsartmann/go-cqrs-lite/dedup/v4 v4.2.4 h1:HJb+krWBAieW3DikAyiPOSKt/LZB9llOsT5FpKrE4Qg=
github.com/larsartmann/go-cqrs-lite/dedup/v4 v4.2.4/go.mod h1:AbQjMKQWyXaz0lDe4/9Xryvmq6FzwlfuQNaCKR5KizI=
github.com/larsartmann/go-cqrs-lite/id/v4 v4.7.1 h1:6B5gcNaPqcfhnb29riYu1Anq0Y0TgWaH7SGqQn9tyTk=
github.com/larsartmann/go-cqrs-lite/metaengine/sqliteengine/v4 v4.5.1 h1:+DMWNY925W0Vfz5onuzRW6UETqz2TvW940Dhu1wSOSc=
github.com/larsartmann/go-cqrs-lite/metaengine/v4 v4.17.0 h1:4Kn7ulDYRn9Xt6L+mqPJXP3mc09XTkylpfck2o/Taow=
github.com/larsartmann/go-cqrs-lite/metaengine/v4 v4.17.0/go.mod h1:9AHwAtaOfkLBYDJ/MANM8ngPpNbpna27rGwCUO4rjIY=
github.com/larsartmann/go-cqrs-lite/queue/v4 v4.0.2 h1:ruJTa1lCQQko+lMHPUqntPPBsUfLmeSBC55moMUpnzo=
github.com/larsartmann/go-cqrs-lite/queue/v4 v4.0.2/go.mod h1:3VnuoCOOZ3UrTn9/7i2yQ7/BVvgOJn6v47OV1A9Sk0M=
github.com/larsartmann/go-cqrs-lite/record/v4 v4.6.2 h1:YtlkO7+wTXNTzskWbqf2xKAZC+HGe+gp0oejzJahqhg=
github.com/larsartmann/go-cqrs-lite/record/v4 v4.6.2/go.mod h1:JFGAWfaNItRWzmUBog4Q3aZOhSGmtWHeP55pBlPE0g0=
github.com/larsartmann/go-error-family v0.11.0 h1:xqXLKrTMznStmHUapxd/6Fj5/878sb4SIZiy4JvCItQ=
github.com/larsartmann/go-error-family v0.11.0/go.mod h1:CAzjAVWjAFDUXEaaRqIgjW28i/NrQ07OsE9Dffhx29c=
github.com/larsartmann/go-sse v0.6.2 h1:a1f/EnjhWlsNnxo0U1DygpYMy2XbUfyGBuKMWhwQg0U=
github.com/larsartmann/go-sse v0.6.2/go.mod h1:PVVDLkzjkTR2MvqcqL3/XmWY8cdSUpEe8YWaouHVVz4=
github.com/onsi/ginkgo/v2 v2.33.0 h1:C8gBA6Uc2ZEubiV+SXiu5tZnMTwEmXHgkJwGozKtZf8=
github.com/onsi/gomega v1.44.0 h1:eAiGl3Pw5jz5GQdDff0BcxYpAX1JxW8xD7mFUuwNfZQ=
go.uber.org/goleak v1.3.0 h1:2K3zAYmnTNqV73imy9J1T3WC+gmCePx2hEGkimedGto=
modernc.org/sqlite v1.60.1 h1:/blz53O951KWFOso4QQvEs/Fq6cDBKLtMVrYNSeJVKw=
pgregory.net/rapid v1.3.0 h1:vBvO0VSqti75J1jjYqpgPNBLKMd1+gxa9fYo7vk/Exc=
