filippo.io/edwards25519 v1.2.0 h1:crnVqOiS4jqYleHd9vaKZ+HKtHfllngJIiOpNpoJsjo=
filippo.io/edwards25519 v1.2.0/go.mod h1:xzAOLCNug/yB62zG1bQ8uziwrIqIuxhctzJT18Q77mc=
github.com/DATA-DOG/go-sqlmock v1.5.2 h1:OcvFkGmslmlZibjAjaHm3L//6LiuBgolP7OputlJIzU=
github.com/DATA-DOG/go-sqlmock v1.5.2/go.mod h1:88MAG/4G7SMwSE3CeA0ZKzrT5CiOU3OJ+JlNzwDqpNU=
github.com/go-sql-driver/mysql v1.10.1 h1:arlSnNLq6a5yxGxV7qg9lF4j0C+KwD6NbQyKr9QL6ME=
github.com/go-sql-driver/mysql v1.10.1/go.mod h1:M+cqaI7+xxXGG9swrdeUIoPG3Y3KCkF0pZej+SK+nWk=
github.com/jackc/pgx/v5 v5.11.0 h1:IzBBtyK9AHqf98cctWFifYSci2hgQR/cd56wB4p+ogg=
github.com/kisielk/sqlstruct v0.0.0-20201105191214-5f3e10d3ab46/go.mod h1:yyMNCyc/Ib3bDTKd379tNMpB/7/H5TjM2Y9QJ5THLbE=
github.com/larsartmann/go-branded-id v0.7.0 h1:k5KT50Kh0WmeniH0rQ3Gvm2RdSAQFZtuRhXWDtQkWhU=
github.com/larsartmann/go-branded-id v0.7.0/go.mod h1:gM5FhB6d23qZO8hIU/rHpUnm/6dwKy9UGMhgvXDqNsc=
github.com/larsartmann/go-cqrs-lite/claiming/v4 v4.0.1 h1:CX89EF36K6Gzu0bBLi1Lq3rQL2k2xt6DsTDpSZMvlzY=
github.com/larsartmann/go-cqrs-lite/claiming/v4 v4.0.1/go.mod h1:7TQ7fSd6bRqd7lYSTDMPIDCDZtzU/r3KqivP9m1M7gk=
github.com/larsartmann/go-cqrs-lite/dedup/v4 v4.2.3 h1:M114fHFgCVzSL4lFjLu2nzn+NpbvIT5MC57PwgLNrxY=
github.com/larsartmann/go-cqrs-lite/dedup/v4 v4.2.3/go.mod h1:AbQjMKQWyXaz0lDe4/9Xryvmq6FzwlfuQNaCKR5KizI=
github.com/larsartmann/go-cqrs-lite/metaengine/v4 v4.16.0 h1:FIiDDiE9OOrJTxFb9hl3T8tQegekgVdFTzv3SqSftpQ=
github.com/larsartmann/go-cqrs-lite/metaengine/v4 v4.16.0/go.mod h1:5yOWpXkiRTXb2WOCy2wP/6OZzak/aKhk+lZTsDJxJbM=
github.com/larsartmann/go-cqrs-lite/queue/v4 v4.0.1 h1:LSWANeLcg3etC7Ewgk9l4BAwKBpKXPVn4R6z5B6aLrQ=
github.com/larsartmann/go-cqrs-lite/queue/v4 v4.0.1/go.mod h1:3VnuoCOOZ3UrTn9/7i2yQ7/BVvgOJn6v47OV1A9Sk0M=
github.com/larsartmann/go-cqrs-lite/record/v4 v4.6.1 h1:9zeypoxCVsIHDFCHXEod0K/KwwsQ+4tDHsl0ENtnRH4=
github.com/larsartmann/go-cqrs-lite/record/v4 v4.6.1/go.mod h1:JFGAWfaNItRWzmUBog4Q3aZOhSGmtWHeP55pBlPE0g0=
github.com/larsartmann/go-error-family v0.11.0 h1:xqXLKrTMznStmHUapxd/6Fj5/878sb4SIZiy4JvCItQ=
github.com/larsartmann/go-error-family v0.11.0/go.mod h1:CAzjAVWjAFDUXEaaRqIgjW28i/NrQ07OsE9Dffhx29c=
github.com/larsartmann/go-sse v0.6.2 h1:a1f/EnjhWlsNnxo0U1DygpYMy2XbUfyGBuKMWhwQg0U=
github.com/larsartmann/go-sse v0.6.2/go.mod h1:PVVDLkzjkTR2MvqcqL3/XmWY8cdSUpEe8YWaouHVVz4=
github.com/onsi/ginkgo/v2 v2.33.0 h1:C8gBA6Uc2ZEubiV+SXiu5tZnMTwEmXHgkJwGozKtZf8=
github.com/onsi/gomega v1.43.1 h1:vGIPFuYrIO6/0Z09s0I0QQQgFchiX4+tb1re3MScJYo=
go.uber.org/goleak v1.3.0 h1:2K3zAYmnTNqV73imy9J1T3WC+gmCePx2hEGkimedGto=
modernc.org/sqlite v1.60.1 h1:/blz53O951KWFOso4QQvEs/Fq6cDBKLtMVrYNSeJVKw=
pgregory.net/rapid v1.3.0 h1:vBvO0VSqti75J1jjYqpgPNBLKMd1+gxa9fYo7vk/Exc=
