{
  "nodes": {
    "cmdguard": {
      "flake": false,
      "locked": {
        "lastModified": 1785049202,
        "narHash": "sha256-tuIRoamXd6PB10PQxlv0TdJ7vWOo2Sb/JdPKvdANQCo=",
        "ref": "master",
        "rev": "67ba8d4037e7896ecccb6b7b2f687808975af99b",
        "revCount": 882,
        "type": "git",
        "url": "ssh://git@github.com/LarsArtmann/cmdguard"
      },
      "original": {
        "ref": "master",
        "type": "git",
        "url": "ssh://git@github.com/LarsArtmann/cmdguard"
      }
    },
    "flake-parts": {
      "inputs": {
        "nixpkgs-lib": [
          "nixpkgs"
        ]
      },
      "locked": {
        "lastModified": 1782949081,
        "narHash": "sha256-vp6Y/Grm98ESt6ceOkWiHWyZRDV3J1RID4w+6NWK9yA=",
        "owner": "hercules-ci",
        "repo": "flake-parts",
        "rev": "17c9d6cdfc60c64f4ee8d306f9bc0b4ccb51481e",
        "type": "github"
      },
      "original": {
        "owner": "hercules-ci",
        "repo": "flake-parts",
        "type": "github"
      }
    },
    "go-branded-id": {
      "flake": false,
      "locked": {
        "lastModified": 1785003770,
        "narHash": "sha256-/rU5IM8YKmGNPDLxtUaVSVVJVD1ANipCdTV+IF3LVvA=",
        "ref": "master",
        "rev": "1911bc6135de50eef408681ae8ebc1a99055b142",
        "revCount": 87,
        "type": "git",
        "url": "ssh://git@github.com/LarsArtmann/go-branded-id"
      },
      "original": {
        "ref": "master",
        "type": "git",
        "url": "ssh://git@github.com/LarsArtmann/go-branded-id"
      }
    },
    "go-finding": {
      "flake": false,
      "locked": {
        "lastModified": 1785004014,
        "narHash": "sha256-xbpME2JQ7MuEok71TFTByOowSRJy0b/A1iCO7hloJ+o=",
        "ref": "master",
        "rev": "155b8aba3947998b09a5eb0818b3e166f693fed9",
        "revCount": 1018,
        "type": "git",
        "url": "ssh://git@github.com/LarsArtmann/go-finding"
      },
      "original": {
        "ref": "master",
        "type": "git",
        "url": "ssh://git@github.com/LarsArtmann/go-finding"
      }
    },
    "go-nix-helpers": {
      "flake": false,
      "locked": {
        "lastModified": 1784927198,
        "narHash": "sha256-TF/8f6z9xKBpAPj+/CkThvr2Xt1ddUNydeGqHei9S+k=",
        "ref": "master",
        "rev": "7e7e0bfa2f250abecdba2fbb42b57e3f08e8b9e5",
        "revCount": 68,
        "type": "git",
        "url": "ssh://git@github.com/LarsArtmann/go-nix-helpers"
      },
      "original": {
        "ref": "master",
        "type": "git",
        "url": "ssh://git@github.com/LarsArtmann/go-nix-helpers"
      }
    },
    "go-output": {
      "flake": false,
      "locked": {
        "lastModified": 1785004134,
        "narHash": "sha256-601isxGRFrhBbr/QnTtddbqvQBnbt2tK6rIhEoess8M=",
        "ref": "master",
        "rev": "c1716b5b67fac1dcb9982f15c075d9ddffaed75d",
        "revCount": 1053,
        "type": "git",
        "url": "ssh://git@github.com/LarsArtmann/go-output"
      },
      "original": {
        "ref": "master",
        "type": "git",
        "url": "ssh://git@github.com/LarsArtmann/go-output"
      }
    },
    "gogenfilter": {
      "flake": false,
      "locked": {
        "lastModified": 1785004548,
        "narHash": "sha256-IgQlvxa8WbKZLL89q/DYSX/HMmOh5Q2H25qgztORlbs=",
        "ref": "master",
        "rev": "92b6ea31a79c741aba34e651849ff6938594cc76",
        "revCount": 790,
        "type": "git",
        "url": "ssh://git@github.com/LarsArtmann/gogenfilter"
      },
      "original": {
        "ref": "master",
        "type": "git",
        "url": "ssh://git@github.com/LarsArtmann/gogenfilter"
      }
    },
    "nixpkgs": {
      "locked": {
        "lastModified": 1784796856,
        "narHash": "sha256-wWFrV5/Qbm+lyt5x20E/bSbfJiGKMo4RCxZV8cl/WZI=",
        "owner": "NixOS",
        "repo": "nixpkgs",
        "rev": "e2587caef70cea85dd97d7daab492899902dbf5d",
        "type": "github"
      },
      "original": {
        "owner": "NixOS",
        "ref": "nixos-unstable",
        "repo": "nixpkgs",
        "type": "github"
      }
    },
    "root": {
      "inputs": {
        "cmdguard": "cmdguard",
        "flake-parts": "flake-parts",
        "go-branded-id": "go-branded-id",
        "go-finding": "go-finding",
        "go-nix-helpers": "go-nix-helpers",
        "go-output": "go-output",
        "gogenfilter": "gogenfilter",
        "nixpkgs": "nixpkgs",
        "samber-do-auditlog": "samber-do-auditlog",
        "systems": "systems",
        "treefmt-nix": "treefmt-nix"
      }
    },
    "samber-do-auditlog": {
      "flake": false,
      "locked": {
        "lastModified": 1785004625,
        "narHash": "sha256-uEYZy3OJevNdT8Cgv3dwlpvLYVKF/g73x8F4weDremk=",
        "ref": "master",
        "rev": "a1b8af8cce41d2fa4d6c1e5f9932cfca8aa7d929",
        "revCount": 543,
        "type": "git",
        "url": "ssh://git@github.com/LarsArtmann/samber-do-auditlog"
      },
      "original": {
        "ref": "master",
        "type": "git",
        "url": "ssh://git@github.com/LarsArtmann/samber-do-auditlog"
      }
    },
    "systems": {
      "locked": {
        "lastModified": 1681028828,
        "narHash": "sha256-Vy1rq5AaRuLzOxct8nz4T6wlgyUR7zLU309k9mBC768=",
        "owner": "nix-systems",
        "repo": "default",
        "rev": "da67096a3b9bf56a91d16901293e51ba5b49a27e",
        "type": "github"
      },
      "original": {
        "owner": "nix-systems",
        "repo": "default",
        "type": "github"
      }
    },
    "treefmt-nix": {
      "inputs": {
        "nixpkgs": [
          "nixpkgs"
        ]
      },
      "locked": {
        "lastModified": 1784369104,
        "narHash": "sha256-47cxbcZODibHv3rELFQ9vZly0vUNkND/atn/U7HLeb0=",
        "owner": "numtide",
        "repo": "treefmt-nix",
        "rev": "df3c0640565d04a0261253cdd89fce78ec50168a",
        "type": "github"
      },
      "original": {
        "owner": "numtide",
        "repo": "treefmt-nix",
        "type": "github"
      }
    }
  },
  "root": "root",
  "version": 7
}
