{
  "nodes": {
    "cmdguard": {
      "flake": false,
      "locked": {
        "lastModified": 1790746470,
        "narHash": "sha256-yZFXrPUe0W+VM5rRTJixIMUnniQCGuKcYy/wvx7/9cU=",
        "owner": "LarsArtmann",
        "repo": "cmdguard",
        "rev": "3e17a1616953b3b2eee6026006777a07b22c025d",
        "type": "github"
      },
      "original": {
        "owner": "LarsArtmann",
        "ref": "master",
        "repo": "cmdguard",
        "type": "github"
      }
    },
    "flake-parts": {
      "inputs": {
        "nixpkgs-lib": [
          "nixpkgs"
        ]
      },
      "locked": {
        "lastModified": 1788450739,
        "narHash": "sha256-glZLQlzIn1fXH6PazR2iUmTo7kzzyYSshrWhLS9TqCU=",
        "owner": "hercules-ci",
        "repo": "flake-parts",
        "rev": "31729ca8cbdb4fa927b34e5f4353e6a83f39e993",
        "type": "github"
      },
      "original": {
        "owner": "hercules-ci",
        "repo": "flake-parts",
        "type": "github"
      }
    },
    "go-atomic-write": {
      "flake": false,
      "locked": {
        "lastModified": 1790665749,
        "narHash": "sha256-Gh85InrkSHqojYU6dOqzZsI6VqmJJfpPsmn3ECzu8H8=",
        "owner": "LarsArtmann",
        "repo": "go-atomic-write",
        "rev": "066e9b335365bda046e947ded41add665501bfd5",
        "type": "github"
      },
      "original": {
        "owner": "LarsArtmann",
        "ref": "master",
        "repo": "go-atomic-write",
        "type": "github"
      }
    },
    "go-branded-id": {
      "flake": false,
      "locked": {
        "lastModified": 1790669564,
        "narHash": "sha256-i6JszDUagLXS8Cq5lysw4OMsjuKD33dV51Sf5nJWNI8=",
        "owner": "LarsArtmann",
        "repo": "go-branded-id",
        "rev": "37ef21733318671eb47ae45ebb69b21730175405",
        "type": "github"
      },
      "original": {
        "owner": "LarsArtmann",
        "ref": "master",
        "repo": "go-branded-id",
        "type": "github"
      }
    },
    "go-error-family": {
      "flake": false,
      "locked": {
        "lastModified": 1790741624,
        "narHash": "sha256-8JlisVgKQyEA/sIinaxC58y7SRtOtDb4B+/dBkGf4hM=",
        "owner": "LarsArtmann",
        "repo": "go-error-family",
        "rev": "8de85f966fc96418b71f2dc67a2b9e200d7df22a",
        "type": "github"
      },
      "original": {
        "owner": "LarsArtmann",
        "ref": "master",
        "repo": "go-error-family",
        "type": "github"
      }
    },
    "go-finding": {
      "flake": false,
      "locked": {
        "lastModified": 1790773879,
        "narHash": "sha256-2pIjJcSPi1ERlnGAdowVrJyGbE3+///t+t9F+wtFDzk=",
        "owner": "LarsArtmann",
        "repo": "go-finding",
        "rev": "5cebfb55565cdfb7c3a82f5fe4f6e9e502e0c8e4",
        "type": "github"
      },
      "original": {
        "owner": "LarsArtmann",
        "ref": "master",
        "repo": "go-finding",
        "type": "github"
      }
    },
    "go-ndjson": {
      "flake": false,
      "locked": {
        "lastModified": 1790657199,
        "narHash": "sha256-VREstFySN8B77X6ul3heWAG8xHD6oxjLhL/hc7WJB9c=",
        "owner": "LarsArtmann",
        "repo": "go-ndjson",
        "rev": "5e2217e6f8ff7e41b08708d5bb9a9fc853d92d0a",
        "type": "github"
      },
      "original": {
        "owner": "LarsArtmann",
        "ref": "master",
        "repo": "go-ndjson",
        "type": "github"
      }
    },
    "go-nix-helpers": {
      "flake": false,
      "locked": {
        "lastModified": 1790768666,
        "narHash": "sha256-xmW6yKd62NoIdL76z7S3LKvL7GnYFBl5hwft2NH42IU=",
        "owner": "LarsArtmann",
        "repo": "go-nix-helpers",
        "rev": "71197f7833078c055f2dd1e1b7136319ac37ee51",
        "type": "github"
      },
      "original": {
        "owner": "LarsArtmann",
        "ref": "master",
        "repo": "go-nix-helpers",
        "type": "github"
      }
    },
    "go-output": {
      "flake": false,
      "locked": {
        "lastModified": 1790768665,
        "narHash": "sha256-TkWGAq0Mej+HR+a4q+749BrMNIedLilTzZZa8E6CI7A=",
        "owner": "LarsArtmann",
        "repo": "go-output",
        "rev": "1f75e3c1400c1628a10da47d949f76dbcfc7a559",
        "type": "github"
      },
      "original": {
        "owner": "LarsArtmann",
        "ref": "master",
        "repo": "go-output",
        "type": "github"
      }
    },
    "gogenfilter": {
      "flake": false,
      "locked": {
        "lastModified": 1790761153,
        "narHash": "sha256-bkokIYaF+qtjrP9VHLF2qNdKncFOwYfe4/05BgROLjE=",
        "owner": "LarsArtmann",
        "repo": "gogenfilter",
        "rev": "bb1defd0b14a56de4047d959c8099b937671c828",
        "type": "github"
      },
      "original": {
        "owner": "LarsArtmann",
        "ref": "master",
        "repo": "gogenfilter",
        "type": "github"
      }
    },
    "md-go-validator": {
      "flake": false,
      "locked": {
        "lastModified": 1790750182,
        "narHash": "sha256-DnQ9RxW20Gb1DRoOBOuECwtpSTQ51nY19J0CnF7Wiqw=",
        "owner": "LarsArtmann",
        "repo": "md-go-validator",
        "rev": "7b677c567951e58fb7385fe51d8d1b398cf4fa5e",
        "type": "github"
      },
      "original": {
        "owner": "LarsArtmann",
        "ref": "master",
        "repo": "md-go-validator",
        "type": "github"
      }
    },
    "nixpkgs": {
      "locked": {
        "lastModified": 1790689126,
        "narHash": "sha256-ilerN1WLSvF+HMjziC/Wv99J5y02maDH+6hZPwsORKg=",
        "owner": "NixOS",
        "repo": "nixpkgs",
        "rev": "b4fd65b198c599cbe814fcb9f42d25d021595ec9",
        "type": "github"
      },
      "original": {
        "owner": "NixOS",
        "ref": "nixos-unstable",
        "repo": "nixpkgs",
        "type": "github"
      }
    },
    "root": {
      "inputs": {
        "cmdguard": "cmdguard",
        "flake-parts": "flake-parts",
        "go-atomic-write": "go-atomic-write",
        "go-branded-id": "go-branded-id",
        "go-error-family": "go-error-family",
        "go-finding": "go-finding",
        "go-ndjson": "go-ndjson",
        "go-nix-helpers": "go-nix-helpers",
        "go-output": "go-output",
        "gogenfilter": "gogenfilter",
        "md-go-validator": "md-go-validator",
        "nixpkgs": "nixpkgs",
        "samber-do-auditlog": "samber-do-auditlog",
        "treefmt-nix": "treefmt-nix"
      }
    },
    "samber-do-auditlog": {
      "flake": false,
      "locked": {
        "lastModified": 1790750741,
        "narHash": "sha256-NbKrfyZf10hqvQ2OTJ9/C9vWUwSnQ5zPpoYqb1IDaj8=",
        "owner": "LarsArtmann",
        "repo": "samber-do-auditlog",
        "rev": "b43494df16ccb03835335cd7cb39739e775e7d0c",
        "type": "github"
      },
      "original": {
        "owner": "LarsArtmann",
        "ref": "master",
        "repo": "samber-do-auditlog",
        "type": "github"
      }
    },
    "treefmt-nix": {
      "inputs": {
        "nixpkgs": [
          "nixpkgs"
        ]
      },
      "locked": {
        "lastModified": 1786901030,
        "narHash": "sha256-WSFCsDSE5ffgD2MqzkM2CYjeFiKhRF/dJUN8uedb6YE=",
        "owner": "numtide",
        "repo": "treefmt-nix",
        "rev": "27b3b12a8e6375f28ebe122f07d230ca5459bbfa",
        "type": "github"
      },
      "original": {
        "owner": "numtide",
        "repo": "treefmt-nix",
        "type": "github"
      }
    }
  },
  "root": "root",
  "version": 7
}
