{
  "nodes": {
    "cmdguard": {
      "flake": false,
      "locked": {
        "lastModified": 1784782183,
        "narHash": "sha256-ApXhhgaL3m9/Wwl6vmmNCXagBEzOYFGAwC6yqAJ8Ow4=",
        "ref": "master",
        "rev": "7a008b33538d6ed9e790553afd9864aa7cf42d58",
        "revCount": 867,
        "type": "git",
        "url": "ssh://git@github.com/LarsArtmann/cmdguard"
      },
      "original": {
        "ref": "master",
        "type": "git",
        "url": "ssh://git@github.com/LarsArtmann/cmdguard"
      }
    },
    "flake-parts": {
      "inputs": {
        "nixpkgs-lib": [
          "nixpkgs"
        ]
      },
      "locked": {
        "lastModified": 1782949081,
        "narHash": "sha256-vp6Y/Grm98ESt6ceOkWiHWyZRDV3J1RID4w+6NWK9yA=",
        "owner": "hercules-ci",
        "repo": "flake-parts",
        "rev": "17c9d6cdfc60c64f4ee8d306f9bc0b4ccb51481e",
        "type": "github"
      },
      "original": {
        "owner": "hercules-ci",
        "repo": "flake-parts",
        "type": "github"
      }
    },
    "go-branded-id": {
      "flake": false,
      "locked": {
        "lastModified": 1784353002,
        "narHash": "sha256-I8WrXJ5ij1d/zJjz7AqU4to4aE8cNk5kJKGVBElHy/s=",
        "ref": "master",
        "rev": "2c052b17cdfc809a6c480f93666e41bad4d5c9c8",
        "revCount": 83,
        "type": "git",
        "url": "ssh://git@github.com/LarsArtmann/go-branded-id"
      },
      "original": {
        "ref": "master",
        "type": "git",
        "url": "ssh://git@github.com/LarsArtmann/go-branded-id"
      }
    },
    "go-finding": {
      "flake": false,
      "locked": {
        "lastModified": 1784782151,
        "narHash": "sha256-X6JgtS46elnlMDF8WaVSD/gMjDr0RMJ3ARFNEQeNLL8=",
        "ref": "master",
        "rev": "d90a74e2cbeccbf1ae8c519ff475a15870a61be2",
        "revCount": 989,
        "type": "git",
        "url": "ssh://git@github.com/LarsArtmann/go-finding"
      },
      "original": {
        "ref": "master",
        "type": "git",
        "url": "ssh://git@github.com/LarsArtmann/go-finding"
      }
    },
    "go-nix-helpers": {
      "flake": false,
      "locked": {
        "lastModified": 1784771207,
        "narHash": "sha256-NK4oXufFtg83p3kJxD5AU5+lH+isKitrhX/D0KjMgA8=",
        "ref": "master",
        "rev": "bdc83358050bf475301ebe4b4e1d9b053dd075a4",
        "revCount": 32,
        "type": "git",
        "url": "ssh://git@github.com/LarsArtmann/go-nix-helpers"
      },
      "original": {
        "ref": "master",
        "type": "git",
        "url": "ssh://git@github.com/LarsArtmann/go-nix-helpers"
      }
    },
    "go-output": {
      "flake": false,
      "locked": {
        "lastModified": 1784772502,
        "narHash": "sha256-8y78TPN0oCTurjs87s/PQ0X/9pwV1fJPadu/ODqwuCA=",
        "ref": "master",
        "rev": "7c0671b43928e2c56c7a5f54e8b0dec8ce0e8214",
        "revCount": 1048,
        "type": "git",
        "url": "ssh://git@github.com/LarsArtmann/go-output"
      },
      "original": {
        "ref": "master",
        "type": "git",
        "url": "ssh://git@github.com/LarsArtmann/go-output"
      }
    },
    "gogenfilter": {
      "flake": false,
      "locked": {
        "lastModified": 1784641377,
        "narHash": "sha256-5Ye4Iuadn+f05gJ2jy8xiEBDnHQw+6djuRwVrKSRZgE=",
        "ref": "master",
        "rev": "39397d211fd7e7a5c98f0e98e7c10839580bb336",
        "revCount": 747,
        "type": "git",
        "url": "ssh://git@github.com/LarsArtmann/gogenfilter"
      },
      "original": {
        "ref": "master",
        "type": "git",
        "url": "ssh://git@github.com/LarsArtmann/gogenfilter"
      }
    },
    "nixpkgs": {
      "locked": {
        "lastModified": 1784497964,
        "narHash": "sha256-vlHUuqAcbcH2RKmHbPiuQzbv1pnzzavXnI62RD0bqCU=",
        "owner": "NixOS",
        "repo": "nixpkgs",
        "rev": "241313f4e8e508cb9b13278c2b0fa25b9ca27163",
        "type": "github"
      },
      "original": {
        "owner": "NixOS",
        "ref": "nixos-unstable",
        "repo": "nixpkgs",
        "type": "github"
      }
    },
    "root": {
      "inputs": {
        "cmdguard": "cmdguard",
        "flake-parts": "flake-parts",
        "go-branded-id": "go-branded-id",
        "go-finding": "go-finding",
        "go-nix-helpers": "go-nix-helpers",
        "go-output": "go-output",
        "gogenfilter": "gogenfilter",
        "nixpkgs": "nixpkgs",
        "samber-do-auditlog": "samber-do-auditlog",
        "systems": "systems",
        "treefmt-nix": "treefmt-nix"
      }
    },
    "samber-do-auditlog": {
      "flake": false,
      "locked": {
        "lastModified": 1784738485,
        "narHash": "sha256-gYNqa3DYF2qFbcJ/KRNQQlMYhxHC4kiKdXewKATyieg=",
        "ref": "master",
        "rev": "1088c32a174dd75a770781afb33e9c53c2363afa",
        "revCount": 402,
        "type": "git",
        "url": "ssh://git@github.com/LarsArtmann/samber-do-auditlog"
      },
      "original": {
        "ref": "master",
        "type": "git",
        "url": "ssh://git@github.com/LarsArtmann/samber-do-auditlog"
      }
    },
    "systems": {
      "locked": {
        "lastModified": 1681028828,
        "narHash": "sha256-Vy1rq5AaRuLzOxct8nz4T6wlgyUR7zLU309k9mBC768=",
        "owner": "nix-systems",
        "repo": "default",
        "rev": "da67096a3b9bf56a91d16901293e51ba5b49a27e",
        "type": "github"
      },
      "original": {
        "owner": "nix-systems",
        "repo": "default",
        "type": "github"
      }
    },
    "treefmt-nix": {
      "inputs": {
        "nixpkgs": [
          "nixpkgs"
        ]
      },
      "locked": {
        "lastModified": 1784369104,
        "narHash": "sha256-47cxbcZODibHv3rELFQ9vZly0vUNkND/atn/U7HLeb0=",
        "owner": "numtide",
        "repo": "treefmt-nix",
        "rev": "df3c0640565d04a0261253cdd89fce78ec50168a",
        "type": "github"
      },
      "original": {
        "owner": "numtide",
        "repo": "treefmt-nix",
        "type": "github"
      }
    }
  },
  "root": "root",
  "version": 7
}
