github.com/larsartmann/go-branded-id v0.1.0 h1:rVGEylUJ3CbDB2Rz3HUEUCHRnAhakpio+oOaKFspZrg=
github.com/larsartmann/go-branded-id v0.1.0/go.mod h1:O9fhyzY3DxtLsswpR7XaI+VbCM9182ZbZQLjfFFanLk=
github.com/larsartmann/go-cqrs-lite/testhelpers v1.0.0 h1:fQ8IeqjgnwHJdQ/dc+ztOYmS/lJkb/84A1Hana2xLeA=
github.com/larsartmann/go-error-family v0.1.1 h1:/i7s/2okA2ROEhxoiuBJqzX4zSz/SQaYwfoVpsYJICc=
github.com/larsartmann/go-error-family v0.1.1/go.mod h1:iUN9N/5VyaUZ8OkUQKnoiXioUdtAmcONNaxnzC3X4e8=
github.com/oklog/ulid/v2 v2.1.1 h1:suPZ4ARWLOJLegGFiZZ1dFAkqzhMjL3J1TzI+5wHz8s=
github.com/oklog/ulid/v2 v2.1.1/go.mod h1:rcEKHmBBKfef9DhnvX7y1HZBYxjXb0cP5ExxNsTT1QQ=
github.com/pborman/getopt v0.0.0-20170112200414-7148bc3a4c30/go.mod h1:85jBQOZwpVEaDAr341tbn15RS4fCAsIst0qp7i8ex1o=
