github.com/larsartmann/go-branded-id v0.1.0 h1:rVGEylUJ3CbDB2Rz3HUEUCHRnAhakpio+oOaKFspZrg=
github.com/larsartmann/go-branded-id v0.1.0/go.mod h1:O9fhyzY3DxtLsswpR7XaI+VbCM9182ZbZQLjfFFanLk=
github.com/larsartmann/go-cqrs-lite/memory v1.6.0 h1:8uf1hV7m0Ws7/DN7XHaJ1/W5/rPVv2zmxU3fDDMep0c=
github.com/larsartmann/go-cqrs-lite/testhelpers v1.6.0 h1:dRLGQVw3b+lujL+lfvjTmPLvYCZGur+JQ6ybkqr25HU=
github.com/larsartmann/go-cqrs-lite/testhelpers v1.6.0/go.mod h1:eUbpe7wOIlaCZ3jbiBnmrRaubIJGIpkK/EMsqCizHCc=
github.com/larsartmann/go-error-family v0.2.0 h1:DIAWwgf04yufN1vYdp+tKAXVS2kb0DTWavTFQyNa1EU=
github.com/larsartmann/go-error-family v0.2.0/go.mod h1:Fz+CKBOHHFZAeiZ/GFbY0JiiXBei+SqY8nznz2XpeaM=
github.com/oklog/ulid/v2 v2.1.1 h1:suPZ4ARWLOJLegGFiZZ1dFAkqzhMjL3J1TzI+5wHz8s=
github.com/oklog/ulid/v2 v2.1.1/go.mod h1:rcEKHmBBKfef9DhnvX7y1HZBYxjXb0cP5ExxNsTT1QQ=
github.com/pborman/getopt v0.0.0-20170112200414-7148bc3a4c30/go.mod h1:85jBQOZwpVEaDAr341tbn15RS4fCAsIst0qp7i8ex1o=
