github.com/Masterminds/semver/v3 v3.5.0 h1:kQceYJfbupGfZOKZQg0kou0DgAKhzDg2NZPAwZ/2OOE=
github.com/Masterminds/semver/v3 v3.5.0/go.mod h1:4V+yj/TJE1HU9XfppCwVMZq3I84lprf4nC11bSS5beM=
github.com/fxamacker/cbor/v2 v2.9.2 h1:X4Ksno9+x3cz0TZv69ec1hxP/+tymuR8PXQJyDwfh78=
github.com/fxamacker/cbor/v2 v2.9.2/go.mod h1:vM4b+DJCtHn+zz7h3FFp/hDAI9WNWCsZj23V5ytsSxQ=
github.com/go-logr/logr v1.4.3 h1:CjnDlHq8ikf6E492q6eKboGOC0T8CDaOvkHCIg8idEI=
github.com/go-logr/logr v1.4.3/go.mod h1:9T104GzyrTigFIr8wt5mBrctHMim0Nb2HLGrmQ40KvY=
github.com/go-task/slim-sprig/v3 v3.0.0 h1:sUs3vkvUymDpBKi3qH1YSqBQk9+9D/8M2mN1vB6EwHI=
github.com/go-task/slim-sprig/v3 v3.0.0/go.mod h1:W848ghGpv3Qj3dhTPRyJypKRiqCdHZiAzKg9hl15HA8=
github.com/google/go-cmp v0.7.0 h1:wk8382ETsv4JYUZwIsn6YpYiWiBsYLSJiTsyBybVuN8=
github.com/google/go-cmp v0.7.0/go.mod h1:pXiqmnSA92OHEEa9HXL2W4E7lf9JzCmGVUdgjX3N/iU=
github.com/google/pprof v0.0.0-20260604005048-7023385849c0 h1:h1QTMDl6q9wDvDCJVpKQSjgleGFYnd2fOxmg2K+6BGE=
github.com/google/pprof v0.0.0-20260604005048-7023385849c0/go.mod h1:MxpfABSjhmINe3F1It9d+8exIHFvUqtLIRCdOGNXqiI=
github.com/larsartmann/go-branded-id v0.3.1 h1:n53Vz3MCUy3S8YfW/v+zxL/qT96iiXZOT6p46HZysyA=
github.com/larsartmann/go-branded-id v0.3.1/go.mod h1:fiv3t1PyNCITnE/8KtymGCUz7tQRuQxF+8oqNdFmA/Y=
github.com/larsartmann/go-cqrs-lite/command/v3 v3.7.4 h1:epXu4CUajAjPI27AzVdqH/SDX5bIT97t5T/Do9dta6Y=
github.com/larsartmann/go-cqrs-lite/command/v3 v3.7.4/go.mod h1:R96yMCtZVhZSWKdyZo3RHKLKy026ZvSV0plw3nBNQx8=
github.com/larsartmann/go-cqrs-lite/dispatcher/v3 v3.7.4 h1:k3ne/3PKywcmOdcfoGdCuXJHGT+qpPwQWfsMnO3Rq0Y=
github.com/larsartmann/go-cqrs-lite/dispatcher/v3 v3.7.4/go.mod h1:EKWorYZ4XCti0cRbatw8gf7A9WeUlOODBneGPN7bN00=
github.com/larsartmann/go-cqrs-lite/event/v3/eventtest v0.1.0 h1:fW516/JLSo7vnoux36CaYQup0M1/uZuSmU9eSkz9K8Q=
github.com/larsartmann/go-cqrs-lite/event/v3/eventtest v0.1.0/go.mod h1:Sl195ODnLfBq2V8EoaTgKl3o0LVCZPzjjfd2JEnv7b0=
github.com/larsartmann/go-cqrs-lite/metadata/v3 v3.0.0-20260709065930-af339166ad5b h1:YFmkoH8MN5Ka70tU0W6txinvU4pkhDFfDeezKVojPF4=
github.com/larsartmann/go-cqrs-lite/metadata/v3 v3.0.0-20260709065930-af339166ad5b/go.mod h1:EYytL13aE2UdzEme+X/gF7+TJpvoRgYNKNoYRP8Cqt8=
github.com/larsartmann/go-cqrs-lite/query/v3 v3.7.4 h1:fI0ngVN8y0KnpFkmG1il7F2CKcIcjQ5IHBjuBRNhmzY=
github.com/larsartmann/go-cqrs-lite/query/v3 v3.7.4/go.mod h1:9WBn4IMlJvEyw7weH6z2ZB9hS6kujK3MNThtzHosrH8=
github.com/larsartmann/go-cqrs-lite/schema/v3 v3.7.3 h1:iDuoD1S19d1i/CrVwxjIOmEWCBt8Zl/ReRg2Zzn3qLs=
github.com/larsartmann/go-cqrs-lite/schema/v3 v3.7.3/go.mod h1:8ZUeWPp435cbp5Tp/2q1/j7aVpFROHW3un5CEUfwvow=
github.com/larsartmann/go-cqrs-lite/snapshot/v3 v3.7.4 h1:pIYxCWDpau4OV8TFcUEpos0MQVxI5UO++dP+eCKHO14=
github.com/larsartmann/go-cqrs-lite/snapshot/v3 v3.7.4/go.mod h1:QYDSBlCrxTliUJ0odAbVhmzGzCmqMKWq/TxHHHr0NCU=
github.com/larsartmann/go-cqrs-lite/storage/memory/v3 v3.7.3 h1:UKQq6NlvkP22myNj+dyiu62nmOM2jMLhta3ew1x9Ygs=
github.com/larsartmann/go-cqrs-lite/storage/memory/v3 v3.7.3/go.mod h1:WXL6dbLo/n20HC/6MHdhVljoZADZHuhpeGYj8ASlcfk=
github.com/larsartmann/go-error-family v0.6.1 h1:GLfo9UaMER3PkniYLNIHs6ay0I67gE91VFEifw1Goo8=
github.com/larsartmann/go-error-family v0.6.1/go.mod h1:JEvLiYWT8p9WrNXrD1Ow97DphYsB9Bksr2lNmwG3Vm4=
github.com/oklog/ulid/v2 v2.1.1 h1:suPZ4ARWLOJLegGFiZZ1dFAkqzhMjL3J1TzI+5wHz8s=
github.com/oklog/ulid/v2 v2.1.1/go.mod h1:rcEKHmBBKfef9DhnvX7y1HZBYxjXb0cP5ExxNsTT1QQ=
github.com/onsi/ginkgo/v2 v2.32.0 h1:Hw7s2pVrQo/8Yz5N77qdnpHaoc+c6cC9WIV1Jce+J6E=
github.com/onsi/ginkgo/v2 v2.32.0/go.mod h1:+aXOY+vzZ5mu2iI2HpTZUPmM//oQfsNFX6gU9kNcA44=
github.com/onsi/gomega v1.42.1 h1:iN1rCUX+44NZ1Dc97MPoeFYbFR0vh8zxoxMFwKdyZ6I=
github.com/onsi/gomega v1.42.1/go.mod h1:REff/hsDsodHoKlWsP2mAPhu1+5/6hVYNf9rIEBpeSg=
github.com/pborman/getopt v0.0.0-20170112200414-7148bc3a4c30/go.mod h1:85jBQOZwpVEaDAr341tbn15RS4fCAsIst0qp7i8ex1o=
github.com/x448/float16 v0.8.4 h1:qLwI1I70+NjRFUR3zs1JPUCgaCXSh3SW62uAKT1mSBM=
github.com/x448/float16 v0.8.4/go.mod h1:14CWIYCyZA/cWjXOioeEpHeN/83MdbZDRQHoFcYsOfg=
go.yaml.in/yaml/v3 v3.0.4 h1:tfq32ie2Jv2UxXFdLJdh3jXuOzWiL1fo0bu/FbuKpbc=
go.yaml.in/yaml/v3 v3.0.4/go.mod h1:DhzuOOF2ATzADvBadXxruRBLzYTpT36CKvDb3+aBEFg=
golang.org/x/mod v0.37.0 h1:vF1DjpVEshcIqoEaauuHebaLk1O1forxjxBaVn884JQ=
golang.org/x/mod v0.37.0/go.mod h1:m8S8VeM9r4dzDwjrKO0a1sZP3YjeMamRRlD+fmR2Q/0=
golang.org/x/net v0.56.0 h1:Rw8j/hFzGvJUZwNBXnAtf5sVDVt+65SK2C7IxCxZt5o=
golang.org/x/net v0.56.0/go.mod h1:D3Ku6r+V6JROoZK144D2XfMHFcMq/0zSfLelVTCFKec=
golang.org/x/sync v0.21.0 h1:HLII4xRRTtCRkxYp4HNFF0Js/Og6q2i++KXbg0gHCwM=
golang.org/x/sync v0.21.0/go.mod h1:9xrNwdLfx4jkKbNva9FpL6vEN7evnE43NNNJQ2LF3+0=
golang.org/x/sys v0.46.0 h1:noSf2Fq6F8DBgS+LysIkx7rIExoNHJsxOAtPp4rthXw=
golang.org/x/sys v0.46.0/go.mod h1:4GL1E5IUh+htKOUEOaiffhrAeqysfVGipDYzABqnCmw=
golang.org/x/text v0.39.0 h1:UbZz4pLOvn600D6Oh6GGEI6VAmndrEBLv8/6BEXzyus=
golang.org/x/text v0.39.0/go.mod h1:3UwRclnC2g0TU9x8PZiyfOajCd1zaUNHF9cvqcQZ+ZM=
golang.org/x/tools v0.47.0 h1:7Kn5x/d1svx/PzryTsqeoZN4TZwqeH5pGWjefhLi/1Q=
golang.org/x/tools v0.47.0/go.mod h1:dFHnyTvFWY212G+h7ZY4Vsp/K3U4/7W9TyVaAul8uCA=
pgregory.net/rapid v1.3.0 h1:vBvO0VSqti75J1jjYqpgPNBLKMd1+gxa9fYo7vk/Exc=
pgregory.net/rapid v1.3.0/go.mod h1:dPlE4OBBxgXPqkP79flB6sJL1dx5azpI7HQ9MY9Z7uk=
