github.com/Masterminds/semver/v3 v3.5.0 h1:kQceYJfbupGfZOKZQg0kou0DgAKhzDg2NZPAwZ/2OOE=
github.com/Masterminds/semver/v3 v3.5.0/go.mod h1:4V+yj/TJE1HU9XfppCwVMZq3I84lprf4nC11bSS5beM=
github.com/fxamacker/cbor/v2 v2.9.2 h1:X4Ksno9+x3cz0TZv69ec1hxP/+tymuR8PXQJyDwfh78=
github.com/fxamacker/cbor/v2 v2.9.2/go.mod h1:vM4b+DJCtHn+zz7h3FFp/hDAI9WNWCsZj23V5ytsSxQ=
github.com/go-logr/logr v1.4.4 h1:tG4xh9yMsRCAiodLVTxyrkzSZ9+o0L1Kg/+cPVcbP/8=
github.com/go-logr/logr v1.4.4/go.mod h1:9T104GzyrTigFIr8wt5mBrctHMim0Nb2HLGrmQ40KvY=
github.com/go-task/slim-sprig/v3 v3.0.0 h1:sUs3vkvUymDpBKi3qH1YSqBQk9+9D/8M2mN1vB6EwHI=
github.com/go-task/slim-sprig/v3 v3.0.0/go.mod h1:W848ghGpv3Qj3dhTPRyJypKRiqCdHZiAzKg9hl15HA8=
github.com/google/go-cmp v0.7.0 h1:wk8382ETsv4JYUZwIsn6YpYiWiBsYLSJiTsyBybVuN8=
github.com/google/go-cmp v0.7.0/go.mod h1:pXiqmnSA92OHEEa9HXL2W4E7lf9JzCmGVUdgjX3N/iU=
github.com/google/pprof v0.0.0-20260604005048-7023385849c0 h1:h1QTMDl6q9wDvDCJVpKQSjgleGFYnd2fOxmg2K+6BGE=
github.com/google/pprof v0.0.0-20260604005048-7023385849c0/go.mod h1:MxpfABSjhmINe3F1It9d+8exIHFvUqtLIRCdOGNXqiI=
github.com/larsartmann/go-branded-id v0.5.1 h1:4Cyv41AkbtQuf66TuNfWugjqHYA48I3KfxjjM/KwBKk=
github.com/larsartmann/go-branded-id v0.5.1/go.mod h1:ElTJY6HNf3ziPytNA5mpW32bxjfsZ/C8ILn4nPQdbmI=
github.com/larsartmann/go-cqrs-lite/codec/v4 v4.2.0 h1:1ADPqnQQYMiEov7BCASKd6hAiUzpWsmSo5JPIMWD3xE=
github.com/larsartmann/go-cqrs-lite/codec/v4 v4.2.0/go.mod h1:rllfH3yP5OoS+lpjkG9m7Y0FuDEmCxMhxQLtiflqKqE=
github.com/larsartmann/go-cqrs-lite/command/v4 v4.1.0 h1:BQnJOJxHHk3N9gbqTFkXtWj6Z+4qkNBQ+RstWjvoNuU=
github.com/larsartmann/go-cqrs-lite/command/v4 v4.1.0/go.mod h1:d8bSHMpjH5EoGaM5Emn7ueoNPQnqkx3PB6yMocUR400=
github.com/larsartmann/go-cqrs-lite/dispatcher/v4 v4.1.0 h1:9D+xCVjQEZDlnBKxUmt96dTGk9Qhc0j+z2rL2YeR5R0=
github.com/larsartmann/go-cqrs-lite/dispatcher/v4 v4.1.0/go.mod h1:eODkdf4RyWS5PmLjtDyp6q2SSnLEOd/aDx2PPyJRKXs=
github.com/larsartmann/go-cqrs-lite/event/v4 v4.2.0 h1:gq6lOmj5AbfUBh5MfCwdZ+uTFHJ1zEJZQxsNOeaTjJo=
github.com/larsartmann/go-cqrs-lite/event/v4 v4.2.0/go.mod h1:zSIkYBJc4VLgECEHPu1K2xsgt0Z+2PVsF8/fIbczur0=
github.com/larsartmann/go-cqrs-lite/event/v4/eventtest v0.3.0 h1:crv4LiYKOql624vrc2XvClk9vgo9/qumWU1M0IEPmMc=
github.com/larsartmann/go-cqrs-lite/event/v4/eventtest v0.3.0/go.mod h1:ftzLBt4BpjwVqSWoy9QJoztDJnxMYcsNDv3pDBg25GI=
github.com/larsartmann/go-cqrs-lite/id/v4 v4.2.0 h1:/sMxhws4RcEa1fZTZzI9/abXhYs5QBDDBeyrTbGXK9U=
github.com/larsartmann/go-cqrs-lite/id/v4 v4.2.0/go.mod h1:kcwycOA9+V6+pbGbjN3nVRlMPhOAx9ZV8EzDI1Z/R70=
github.com/larsartmann/go-cqrs-lite/metadata/v4 v4.2.0 h1:zdDVNIVABTPII8G2Gj6n9RYkTVdyrtGpZoFjJI1/13Y=
github.com/larsartmann/go-cqrs-lite/metadata/v4 v4.2.0/go.mod h1:nMOU7fUkKn92n973yl8ZrQGasqSTCPjcbszMA1TfeTg=
github.com/larsartmann/go-cqrs-lite/projection/v4 v4.2.0 h1:RH1ZdexXHCI8L5dkNxfPN0KsEevt0VASodQ97UgHuzA=
github.com/larsartmann/go-cqrs-lite/projection/v4 v4.2.0/go.mod h1:ZsjiQtc5lE6OfUXQ9q5g0Zr+EF1RYqpNI52z5mtUelU=
github.com/larsartmann/go-cqrs-lite/query/v4 v4.1.0 h1:axNv6S9pIzvEPN7E7liORtGTfLnHAhM0FBHlhh7qsuY=
github.com/larsartmann/go-cqrs-lite/query/v4 v4.1.0/go.mod h1:HaDwpxArq0oxdFMIIKKGmjn9VtiNMKjqjGEE1LpGN34=
github.com/larsartmann/go-cqrs-lite/schema/v4 v4.1.0 h1:R83WOCkHeghtG9F9YsBaM7t44ax0Fj7QBG3huRvHoqQ=
github.com/larsartmann/go-cqrs-lite/schema/v4 v4.1.0/go.mod h1:1PnwQ2d6inCrHoAq7jXqX5xBta96ZQ+S4KxBv5ssv9U=
github.com/larsartmann/go-cqrs-lite/snapshot/v4 v4.1.0 h1:VMv/Uo/Epu9QjtiEG1rGmp5H+iBMt9F1Cm6xz72aKLo=
github.com/larsartmann/go-cqrs-lite/snapshot/v4 v4.1.0/go.mod h1:JJlTptflj6Qy5hCfLHSeGJXs+v32+YfCwxvVZXkdJMs=
github.com/larsartmann/go-cqrs-lite/storage/memory/v4 v4.1.0 h1:2p7FB48WJsNw73Ns0mopGXSACUW2wY5BmnnvZRu7w7E=
github.com/larsartmann/go-cqrs-lite/storage/memory/v4 v4.1.0/go.mod h1:PdZCnnN0zoW+N6Nrtoxp3KALj6Fx6HXoYEOi8aTujEY=
github.com/larsartmann/go-error-family v0.10.0 h1:xGPT8WzPr9EJ+SHCasLtZ2mJ7drVxmfkyM6kjzHoAWo=
github.com/larsartmann/go-error-family v0.10.0/go.mod h1:c5ZKAqG/2xJmF7ZjShNAenbxHzWqut90ARS0lPuyUaY=
github.com/oklog/ulid/v2 v2.1.2 h1:IEclFb9JNvzYA6MW2SCxbLzcHTVsfqm3PrqGQJH5zec=
github.com/oklog/ulid/v2 v2.1.2/go.mod h1:rcEKHmBBKfef9DhnvX7y1HZBYxjXb0cP5ExxNsTT1QQ=
github.com/onsi/ginkgo/v2 v2.32.0 h1:Hw7s2pVrQo/8Yz5N77qdnpHaoc+c6cC9WIV1Jce+J6E=
github.com/onsi/ginkgo/v2 v2.32.0/go.mod h1:+aXOY+vzZ5mu2iI2HpTZUPmM//oQfsNFX6gU9kNcA44=
github.com/onsi/gomega v1.42.1 h1:iN1rCUX+44NZ1Dc97MPoeFYbFR0vh8zxoxMFwKdyZ6I=
github.com/onsi/gomega v1.42.1/go.mod h1:REff/hsDsodHoKlWsP2mAPhu1+5/6hVYNf9rIEBpeSg=
github.com/pborman/getopt v0.0.0-20170112200414-7148bc3a4c30/go.mod h1:85jBQOZwpVEaDAr341tbn15RS4fCAsIst0qp7i8ex1o=
github.com/x448/float16 v0.8.4 h1:qLwI1I70+NjRFUR3zs1JPUCgaCXSh3SW62uAKT1mSBM=
github.com/x448/float16 v0.8.4/go.mod h1:14CWIYCyZA/cWjXOioeEpHeN/83MdbZDRQHoFcYsOfg=
go.yaml.in/yaml/v3 v3.0.4 h1:tfq32ie2Jv2UxXFdLJdh3jXuOzWiL1fo0bu/FbuKpbc=
go.yaml.in/yaml/v3 v3.0.4/go.mod h1:DhzuOOF2ATzADvBadXxruRBLzYTpT36CKvDb3+aBEFg=
golang.org/x/mod v0.38.0 h1:MECBjubtXD7yj4HrhIUcywNaGeNVUdfVnxmPajOk4yk=
golang.org/x/mod v0.38.0/go.mod h1:V6Xz0pq8TQ3dGqVQ1FVHuelZpAL0uNhSkk9ogYP3c40=
golang.org/x/net v0.57.0 h1:K5+3DljvIuDG9/Jv9rvyMywYNFCQ9RSUY6OOTTkT+tE=
golang.org/x/net v0.57.0/go.mod h1:KpXc8iv+r3XplLAG/f7Jsf9RPszJzdR0f58q9vGOuEU=
golang.org/x/sync v0.22.0 h1:SZjpbeLmrCk4xhRSZFNZW5gFUeCeFgjekvI/+gfScek=
golang.org/x/sync v0.22.0/go.mod h1:9xrNwdLfx4jkKbNva9FpL6vEN7evnE43NNNJQ2LF3+0=
golang.org/x/sys v0.47.0 h1:o7XGOvZQCADBQQ4Y7VNq2dRWQR7JmOUW8Kxx4ZsNgWs=
golang.org/x/sys v0.47.0/go.mod h1:4GL1E5IUh+htKOUEOaiffhrAeqysfVGipDYzABqnCmw=
golang.org/x/text v0.40.0 h1:Ub2Z6/xjgF1WrYQz2nuITOEegKFtiIy+rieRJ5lHZKs=
golang.org/x/text v0.40.0/go.mod h1:hpnzDAfGV753zIKo+wk3u1bVKCGPbrnF7+7LBF/UHVY=
golang.org/x/tools v0.48.0 h1:3+hClM1aLL5mjMKm5ovokw9epgRXPuu2tILgismM6RE=
golang.org/x/tools v0.48.0/go.mod h1:08xX0orndb/F7jJxGDicx061tyd5pcMto75YMAXr6lk=
pgregory.net/rapid v1.3.0 h1:vBvO0VSqti75J1jjYqpgPNBLKMd1+gxa9fYo7vk/Exc=
pgregory.net/rapid v1.3.0/go.mod h1:dPlE4OBBxgXPqkP79flB6sJL1dx5azpI7HQ9MY9Z7uk=
