github.com/larsartmann/go-error-family v0.10.0 h1:xGPT8WzPr9EJ+SHCasLtZ2mJ7drVxmfkyM6kjzHoAWo=
github.com/larsartmann/go-error-family v0.10.0/go.mod h1:c5ZKAqG/2xJmF7ZjShNAenbxHzWqut90ARS0lPuyUaY=
github.com/larsartmann/go-retry v0.1.0 h1:JgW2ZV5y3M3TDJOlZzASr3srUMr8i+XI8b/edXtftbw=
github.com/larsartmann/go-retry v0.1.0/go.mod h1:Lbi4UAbiRgM4BqfRtMFPW8umNF4qnIApNLw0RRoTqVg=
