github.com/fxamacker/cbor/v2 v2.9.2 h1:X4Ksno9+x3cz0TZv69ec1hxP/+tymuR8PXQJyDwfh78=
github.com/fxamacker/cbor/v2 v2.9.2/go.mod h1:vM4b+DJCtHn+zz7h3FFp/hDAI9WNWCsZj23V5ytsSxQ=
github.com/larsartmann/go-branded-id v0.3.1 h1:n53Vz3MCUy3S8YfW/v+zxL/qT96iiXZOT6p46HZysyA=
github.com/larsartmann/go-branded-id v0.3.1/go.mod h1:fiv3t1PyNCITnE/8KtymGCUz7tQRuQxF+8oqNdFmA/Y=
github.com/larsartmann/go-branded-id v0.3.2 h1:Vbe5/LRuR2ycDFpDKuuuG8brBRYvSYcOU1nqV8IIZPI=
github.com/larsartmann/go-branded-id v0.3.2/go.mod h1:xoQYcGTGrMqRYB8cMKHe2efq8S6stQGg3nW4DzXVWpA=
github.com/larsartmann/go-cqrs-lite/metadata/v4 v4.0.0-20260711192758-e443adb3bfd0 h1:WSG13d7oU3YmWzph+cUoQbWiCNW2r4YQsZl7NUHENPw=
github.com/larsartmann/go-cqrs-lite/metadata/v4 v4.0.0-20260711192758-e443adb3bfd0/go.mod h1:ynDsyIzY0WltWvG9PKoCWSkXCrOPOLpOU+RwYr3P3U4=
github.com/larsartmann/go-cqrs-lite/metadata/v4 v4.0.0-20260711202820-6d093b4c0e3f h1:/NDyNQpKzvZqSgpx8vGAJGPzL3Tka7WvlcK9m5GsVww=
github.com/larsartmann/go-cqrs-lite/metadata/v4 v4.0.0-20260711202820-6d093b4c0e3f/go.mod h1:ynDsyIzY0WltWvG9PKoCWSkXCrOPOLpOU+RwYr3P3U4=
github.com/larsartmann/go-cqrs-lite/metadata/v4 v4.0.0 h1:OzwLALOUvTELaWeHRN1kY1Rvr+QAWMkmxC+PrlN4upE=
github.com/larsartmann/go-cqrs-lite/metadata/v4 v4.0.0/go.mod h1:ynDsyIzY0WltWvG9PKoCWSkXCrOPOLpOU+RwYr3P3U4=
github.com/larsartmann/go-error-family v0.7.0 h1:D3fMZbx0gjVjtWOyIfevlUKWMWE65NnHFwtpBP3l9bw=
github.com/larsartmann/go-error-family v0.7.0/go.mod h1:JEvLiYWT8p9WrNXrD1Ow97DphYsB9Bksr2lNmwG3Vm4=
github.com/oklog/ulid/v2 v2.1.1 h1:suPZ4ARWLOJLegGFiZZ1dFAkqzhMjL3J1TzI+5wHz8s=
github.com/oklog/ulid/v2 v2.1.1/go.mod h1:rcEKHmBBKfef9DhnvX7y1HZBYxjXb0cP5ExxNsTT1QQ=
github.com/onsi/ginkgo/v2 v2.32.0 h1:Hw7s2pVrQo/8Yz5N77qdnpHaoc+c6cC9WIV1Jce+J6E=
github.com/onsi/gomega v1.42.1 h1:iN1rCUX+44NZ1Dc97MPoeFYbFR0vh8zxoxMFwKdyZ6I=
github.com/pborman/getopt v0.0.0-20170112200414-7148bc3a4c30/go.mod h1:85jBQOZwpVEaDAr341tbn15RS4fCAsIst0qp7i8ex1o=
github.com/x448/float16 v0.8.4 h1:qLwI1I70+NjRFUR3zs1JPUCgaCXSh3SW62uAKT1mSBM=
github.com/x448/float16 v0.8.4/go.mod h1:14CWIYCyZA/cWjXOioeEpHeN/83MdbZDRQHoFcYsOfg=
pgregory.net/rapid v1.3.0 h1:vBvO0VSqti75J1jjYqpgPNBLKMd1+gxa9fYo7vk/Exc=
