github.com/ThreeDotsLabs/watermill v1.5.2 h1:0ES33Eq1jEsP/pWvtE4n8bE0bs+9Jq7boT7wGBCVY6Q=
github.com/ThreeDotsLabs/watermill v1.5.2/go.mod h1:i9/968UriGphWfEbfMuYSD1qFbYRjb0mE0r+rV0FPp4=
github.com/davecgh/go-spew v1.1.2-0.20180830191138-d8f796af33cc h1:U9qPSI2PIWSS1VwoXQT9A3Wy9MM3WgvqSxFWenqJduM=
github.com/davecgh/go-spew v1.1.2-0.20180830191138-d8f796af33cc/go.mod h1:J7Y8YcW2NihsgmVo/mv3lAwl/skON4iLHjSsI+c5H38=
github.com/fxamacker/cbor/v2 v2.9.2 h1:X4Ksno9+x3cz0TZv69ec1hxP/+tymuR8PXQJyDwfh78=
github.com/fxamacker/cbor/v2 v2.9.2/go.mod h1:vM4b+DJCtHn+zz7h3FFp/hDAI9WNWCsZj23V5ytsSxQ=
github.com/google/uuid v1.2.0/go.mod h1:TIyPZe4MgqvfeYDBFedMoGGpEw/LqOeaOT+nhxU+yHo=
github.com/google/uuid v1.6.0 h1:NIvaJDMOsjHA8n1jAhLSgzrAzy1Hgr+hNrb57e+94F0=
github.com/google/uuid v1.6.0/go.mod h1:TIyPZe4MgqvfeYDBFedMoGGpEw/LqOeaOT+nhxU+yHo=
github.com/larsartmann/go-branded-id v0.3.2 h1:Vbe5/LRuR2ycDFpDKuuuG8brBRYvSYcOU1nqV8IIZPI=
github.com/larsartmann/go-branded-id v0.3.2/go.mod h1:xoQYcGTGrMqRYB8cMKHe2efq8S6stQGg3nW4DzXVWpA=
github.com/larsartmann/go-cqrs-lite/codec/v4 v4.0.3 h1:sc+OK/RAQ2PyJhmpzjNigFTGyE0hBmEa4No6RoFCajw=
github.com/larsartmann/go-cqrs-lite/codec/v4 v4.0.3/go.mod h1:xkjAUorag4fM6IcZzhjK36Qztm8Gdy7rxsSBv0T1GEU=
github.com/larsartmann/go-cqrs-lite/command/v4 v4.0.1 h1:MMmMiQDOSsDGPNSg9hQBi+hJCN1Q4dkxh9d4yUVH/yA=
github.com/larsartmann/go-cqrs-lite/command/v4 v4.0.1/go.mod h1:8FA8G3EmkC+WG9lKCqxAa+e0Sg8mJITQdPausWY0fFc=
github.com/larsartmann/go-cqrs-lite/dispatcher/v4 v4.0.0 h1:/CKTWit+2tsrk1iu3BV2RRj9j9e7Yc3SBpPCauRWXIM=
github.com/larsartmann/go-cqrs-lite/dispatcher/v4 v4.0.0/go.mod h1:R0ovpgR0KXd4gYeqJm4E5MlZcO0EAXlYbdioyWC5Vy8=
github.com/larsartmann/go-cqrs-lite/id/v4 v4.0.1 h1:kTg3RQfUrVutkqVZhhNQBoF0ekwDp1MQYMeYDZhTq8g=
github.com/larsartmann/go-cqrs-lite/id/v4 v4.0.1/go.mod h1:N8MA5o8ly6TZvZ2IoO45Njvr+Ta0btHabFcNTn+pYrY=
github.com/larsartmann/go-cqrs-lite/metadata/v4 v4.0.1 h1:fOqr565QDzVUf+F4OyE0PI/nlDdMAoEdThktry7ABe4=
github.com/larsartmann/go-cqrs-lite/metadata/v4 v4.0.1/go.mod h1:yM/AWoMMPTQJL3bkpSBq8TL60UPLpe2K76I70CLD1sU=
github.com/larsartmann/go-cqrs-lite/query/v4 v4.0.1 h1:LDRvKVMeQeb4EISxTCx4Lrb8X1VjZMvemC8nUZb3POI=
github.com/larsartmann/go-cqrs-lite/query/v4 v4.0.1/go.mod h1:ApKfabZl05Ro5+r2E0zzWb189NPuhqGPWAEOHNhvqzU=
github.com/larsartmann/go-cqrs-lite/storage/memory/v4 v4.0.0 h1:cu5iabpSMctNoKe0/lB+uhr2q3tcRQqYn/ffbhDMGW8=
github.com/larsartmann/go-cqrs-lite/storage/memory/v4 v4.0.0/go.mod h1:YRsX8oQV7t3GAe2o/1tBrViBODT6iNlFAnKS0T0n0Qc=
github.com/larsartmann/go-error-family v0.7.0 h1:D3fMZbx0gjVjtWOyIfevlUKWMWE65NnHFwtpBP3l9bw=
github.com/larsartmann/go-error-family v0.7.0/go.mod h1:JEvLiYWT8p9WrNXrD1Ow97DphYsB9Bksr2lNmwG3Vm4=
github.com/lithammer/shortuuid/v3 v3.0.7 h1:trX0KTHy4Pbwo/6ia8fscyHoGA+mf1jWbPJVuvyJQQ8=
github.com/lithammer/shortuuid/v3 v3.0.7/go.mod h1:vMk8ke37EmiewwolSO1NLW8vP4ZaKlRuDIi8tWWmAts=
github.com/oklog/ulid v1.3.1 h1:EGfNDEx6MqHz8B3uNV6QAib1UR2Lm97sHi3ocA6ESJ4=
github.com/oklog/ulid v1.3.1/go.mod h1:CirwcVhetQ6Lv90oh/F+FBtV6XMibvdAFo93nm5qn4U=
github.com/oklog/ulid/v2 v2.1.1 h1:suPZ4ARWLOJLegGFiZZ1dFAkqzhMjL3J1TzI+5wHz8s=
github.com/oklog/ulid/v2 v2.1.1/go.mod h1:rcEKHmBBKfef9DhnvX7y1HZBYxjXb0cP5ExxNsTT1QQ=
github.com/onsi/ginkgo/v2 v2.32.0 h1:Hw7s2pVrQo/8Yz5N77qdnpHaoc+c6cC9WIV1Jce+J6E=
github.com/onsi/gomega v1.42.1 h1:iN1rCUX+44NZ1Dc97MPoeFYbFR0vh8zxoxMFwKdyZ6I=
github.com/pborman/getopt v0.0.0-20170112200414-7148bc3a4c30/go.mod h1:85jBQOZwpVEaDAr341tbn15RS4fCAsIst0qp7i8ex1o=
github.com/pkg/errors v0.9.1 h1:FEBLx1zS214owpjy7qsBeixbURkuhQAwrK5UwLGTwt4=
github.com/pkg/errors v0.9.1/go.mod h1:bwawxfHBFNV+L2hUp1rHADufV3IMtnDRdf1r5NINEl0=
github.com/pmezard/go-difflib v1.0.1-0.20181226105442-5d4384ee4fb2 h1:Jamvg5psRIccs7FGNTlIRMkT8wgtp5eCXdBlqhYGL6U=
github.com/pmezard/go-difflib v1.0.1-0.20181226105442-5d4384ee4fb2/go.mod h1:iKH77koFhYxTK1pcRnkKkqfTogsbg7gZNVY4sRDYZ/4=
github.com/stretchr/testify v1.11.1 h1:7s2iGBzp5EwR7/aIZr8ao5+dra3wiQyKjjFuvgVKu7U=
github.com/stretchr/testify v1.11.1/go.mod h1:wZwfW3scLgRK+23gO65QZefKpKQRnfz6sD981Nm4B6U=
github.com/x448/float16 v0.8.4 h1:qLwI1I70+NjRFUR3zs1JPUCgaCXSh3SW62uAKT1mSBM=
github.com/x448/float16 v0.8.4/go.mod h1:14CWIYCyZA/cWjXOioeEpHeN/83MdbZDRQHoFcYsOfg=
gopkg.in/yaml.v3 v3.0.1 h1:fxVm/GzAzEWqLHuvctI91KS9hhNmmWOoWu0XTYJS7CA=
gopkg.in/yaml.v3 v3.0.1/go.mod h1:K4uyk7z7BCEPqu6E+C64Yfv1cQ7kz7rIZviUmN+EgEM=
pgregory.net/rapid v1.3.0 h1:vBvO0VSqti75J1jjYqpgPNBLKMd1+gxa9fYo7vk/Exc=
