github.com/larsartmann/go-error-family v0.9.0 h1:DpIAvgi5q6+HrGbMNc979yO/0rq/uFaQLvqt33GiEaE=
github.com/larsartmann/go-error-family v0.9.0/go.mod h1:JEvLiYWT8p9WrNXrD1Ow97DphYsB9Bksr2lNmwG3Vm4=
pgregory.net/rapid v1.1.0 h1:CMa0sjHSru3puNx+J0MIAuiiEV4N0qj8/cMWGBBCsjw=
pgregory.net/rapid v1.1.0/go.mod h1:PY5XlDGj0+V1FCq0o192FdRhpKHGTRIWBgqjDBTrq04=
