github.com/larsartmann/go-error-family v0.10.0 h1:xGPT8WzPr9EJ+SHCasLtZ2mJ7drVxmfkyM6kjzHoAWo=
github.com/larsartmann/go-error-family v0.10.0/go.mod h1:c5ZKAqG/2xJmF7ZjShNAenbxHzWqut90ARS0lPuyUaY=
pgregory.net/rapid v1.1.0 h1:CMa0sjHSru3puNx+J0MIAuiiEV4N0qj8/cMWGBBCsjw=
pgregory.net/rapid v1.1.0/go.mod h1:PY5XlDGj0+V1FCq0o192FdRhpKHGTRIWBgqjDBTrq04=
