github.com/google/go-cmp v0.7.0 h1:wk8382ETsv4JYUZwIsn6YpYiWiBsYLSJiTsyBybVuN8=
github.com/google/go-cmp v0.7.0/go.mod h1:pXiqmnSA92OHEEa9HXL2W4E7lf9JzCmGVUdgjX3N/iU=
github.com/larsartmann/go-branded-id v0.7.0 h1:k5KT50Kh0WmeniH0rQ3Gvm2RdSAQFZtuRhXWDtQkWhU=
github.com/larsartmann/go-branded-id v0.7.0/go.mod h1:gM5FhB6d23qZO8hIU/rHpUnm/6dwKy9UGMhgvXDqNsc=
github.com/larsartmann/go-error-family v0.11.0 h1:xqXLKrTMznStmHUapxd/6Fj5/878sb4SIZiy4JvCItQ=
github.com/larsartmann/go-error-family v0.11.0/go.mod h1:CAzjAVWjAFDUXEaaRqIgjW28i/NrQ07OsE9Dffhx29c=
github.com/oklog/ulid/v2 v2.1.2 h1:IEclFb9JNvzYA6MW2SCxbLzcHTVsfqm3PrqGQJH5zec=
github.com/oklog/ulid/v2 v2.1.2/go.mod h1:rcEKHmBBKfef9DhnvX7y1HZBYxjXb0cP5ExxNsTT1QQ=
github.com/onsi/gomega v1.44.0 h1:eAiGl3Pw5jz5GQdDff0BcxYpAX1JxW8xD7mFUuwNfZQ=
github.com/onsi/gomega v1.44.0/go.mod h1:e/C2HwaZ1DhvjzXXuFhcR7hY7Sh9pl7MmoWKEjzwcdA=
github.com/pborman/getopt v0.0.0-20170112200414-7148bc3a4c30/go.mod h1:85jBQOZwpVEaDAr341tbn15RS4fCAsIst0qp7i8ex1o=
go.yaml.in/yaml/v3 v3.0.5 h1:N6y/pJk8buWs9NY5ERU2HSMfm+IuD/OtfdAnq6kESPw=
go.yaml.in/yaml/v3 v3.0.5/go.mod h1:HVTZu1O7/Vkt2N+BFy8Zza+lnLsABggaTM2ZpNIGuKg=
golang.org/x/crypto v0.58.0/go.mod h1:Xh+kl5A+M0gMiWDytH2Hhr5Z7WbNCpv/eB/EFgfSk+w=
golang.org/x/mod v0.41.0/go.mod h1:Ek9pY8RKWXwsWvd3rQiHYtMqkjSUV+s1Rj7j4H5Ur6o=
golang.org/x/net v0.61.0 h1:RR+6j/BTBCrggOLugxa+66R8FvoN6MHlzDlZIbN9YFw=
golang.org/x/net v0.61.0/go.mod h1:WgDCOTH8iwtB66T4/GfI94AHo/hhdb7Hah9NDseQfiI=
golang.org/x/sync v0.24.0/go.mod h1:sUUOizhqBxiL6pEWpqNLUiaJn1ShEbZ6BBqskPbjZm0=
golang.org/x/sys v0.49.0/go.mod h1:hNLxWAXmnKAxqDtdwIYC4bM9oQPEecfsnNMuSxOs3og=
golang.org/x/term v0.47.0/go.mod h1:efAfAuG6RKABvg1ArGebRkvX6LXul14SM67o2e4mUCY=
golang.org/x/text v0.43.0 h1:1QivrlhwAsnMOcqgOdl9my7s9OyZl8O5/UGUTJVXoWc=
golang.org/x/text v0.43.0/go.mod h1:hbSIYA/amXcRXTFSZqh8tWHEoqRvvbKPJ2uz/KU+a+s=
golang.org/x/tools v0.51.0/go.mod h1:9eEncMayCV6zRMGhR5eZEC2iBx98qWcF1HZ9Z7wJOoA=
google.golang.org/protobuf v1.36.7/go.mod h1:jduwjTPXsFjZGTmRluh+L6NjiWu7pchiJ2/5YcXBHnY=
pgregory.net/rapid v1.3.0 h1:vBvO0VSqti75J1jjYqpgPNBLKMd1+gxa9fYo7vk/Exc=
pgregory.net/rapid v1.3.0/go.mod h1:dPlE4OBBxgXPqkP79flB6sJL1dx5azpI7HQ9MY9Z7uk=
