github.com/Masterminds/semver/v3 v3.5.0 h1:kQceYJfbupGfZOKZQg0kou0DgAKhzDg2NZPAwZ/2OOE=
github.com/davecgh/go-spew v1.1.2-0.20180830191138-d8f796af33cc h1:U9qPSI2PIWSS1VwoXQT9A3Wy9MM3WgvqSxFWenqJduM=
github.com/go-logr/logr v1.4.3 h1:CjnDlHq8ikf6E492q6eKboGOC0T8CDaOvkHCIg8idEI=
github.com/go-task/slim-sprig/v3 v3.0.0 h1:sUs3vkvUymDpBKi3qH1YSqBQk9+9D/8M2mN1vB6EwHI=
github.com/google/go-cmp v0.7.0 h1:wk8382ETsv4JYUZwIsn6YpYiWiBsYLSJiTsyBybVuN8=
github.com/google/pprof v0.0.0-20260507013755-92041b743c96 h1:YDDnaZ9afWajDboPMt9Vikqca/yWAX7KAxVzb4lJU1M=
github.com/larsartmann/go-branded-id v0.3.0 h1:3uE01+ymNTfsvtLMRSiux+6TjPZX5+frqR5Ub3Cj+w0=
github.com/larsartmann/go-cqrs-lite/codec/v2 v2.2.0 h1:VEb3xISJ6KxmE7CC5LEAWman8Njyf6xN0Cz1FHwRnjw=
github.com/larsartmann/go-cqrs-lite/dispatcher/v2 v2.2.0 h1:Ah8ynG9EEmme8jg0FOByCtqi3Ua8G1CEgn90MhgHD94=
github.com/larsartmann/go-cqrs-lite/event/v2 v2.2.0 h1:5mQbt81499HekHUK4j+0UUeYJNNNbAujoTVy0BbWZBg=
github.com/larsartmann/go-cqrs-lite/memory/v2 v2.2.0 h1:7r8xO8PFCPelV9KZJv8e+DEg8Or5e/TGn8fU62z1QfU=
github.com/larsartmann/go-cqrs-lite/memory/v2 v2.2.0/go.mod h1:s6uvDur/J2k+5t/arbMo8t+u/WdYl8g9YYpo7yZbSkw=
github.com/larsartmann/go-cqrs-lite/query/v2 v2.2.0 h1:snRjG9LiL67aq2047h4wgY5FSth78QB1qtXnWDjIQQU=
github.com/larsartmann/go-cqrs-lite/query/v2 v2.2.0/go.mod h1:Kob3pq4t7Voiw0+zSKILvE9xjeD1UDLyVyuy9bMwX18=
github.com/larsartmann/go-cqrs-lite/schema/v2 v2.2.0 h1:TVwgf/n+WBGmbSkGy4++BN2ACdchNewPbDYyyQTGKrs=
github.com/larsartmann/go-cqrs-lite/schema/v2 v2.2.0/go.mod h1:NidR/HxizEGmgmTVEewG0IxM57+IHTcDAc+MqXX/dr4=
github.com/larsartmann/go-cqrs-lite/snapshot/v2 v2.2.0 h1:YIHv9yfuN85q7ugK9gnZMuAoiOgeIxkTQ1sm59y+0DA=
github.com/larsartmann/go-cqrs-lite/snapshot/v2 v2.2.0/go.mod h1:Y8yN14zfizenRG1DswBihvAvP0lZ7KKZClSyF6a1AJ4=
github.com/larsartmann/go-error-family v0.3.0 h1:ozA/xt9C+o+4o6bbt/vrMZDCL+ZvBjJVV79fjNkz3+8=
github.com/oklog/ulid/v2 v2.1.1 h1:suPZ4ARWLOJLegGFiZZ1dFAkqzhMjL3J1TzI+5wHz8s=
github.com/onsi/ginkgo/v2 v2.29.0 h1:rfh+ZFjgJhYWRoIqVf3Uwx/W20yLrcrE2h2GmYVRaag=
github.com/onsi/gomega v1.41.0 h1:OwKp4pXNgVxf6sCplzYo794OFNuoL2q2SBMU5NSWOjA=
github.com/pmezard/go-difflib v1.0.1-0.20181226105442-5d4384ee4fb2 h1:Jamvg5psRIccs7FGNTlIRMkT8wgtp5eCXdBlqhYGL6U=
github.com/samber/lo v1.53.0 h1:t975lj2py4kJPQ6haz1QMgtId2gtmfktACxIXArw3HM=
github.com/samber/ro v0.3.0 h1:fxrdIL9yuA6JiGQuPE/xSXovowdG6+WcMBCCEL00wVk=
github.com/stretchr/testify v1.11.1 h1:7s2iGBzp5EwR7/aIZr8ao5+dra3wiQyKjjFuvgVKu7U=
go.yaml.in/yaml/v3 v3.0.4 h1:tfq32ie2Jv2UxXFdLJdh3jXuOzWiL1fo0bu/FbuKpbc=
golang.org/x/exp v0.0.0-20260603202125-055de637280b h1:v1uXiEBHo8QA0LiGCo7UgHMzHT4Kdfpl2zmtH5vaP1Q=
golang.org/x/mod v0.36.0 h1:JJjpVx6myfUsUdAzZuOSTTmRE0PfZeNWzzvKrP7amb4=
golang.org/x/net v0.55.0 h1:bcvxaJn3e1U6InsFWt1JUq1aSjnRxLzT2rtD2KfkDF8=
golang.org/x/sync v0.21.0 h1:HLII4xRRTtCRkxYp4HNFF0Js/Og6q2i++KXbg0gHCwM=
golang.org/x/sys v0.46.0 h1:noSf2Fq6F8DBgS+LysIkx7rIExoNHJsxOAtPp4rthXw=
golang.org/x/text v0.38.0 h1:sXmwo9DwP3OK9EZ7PqAdaooSGozfl/3a6/xJcbzPRhE=
golang.org/x/tools v0.45.0 h1:18qN3FAooORvApf5XjCXgsuayZOEtXf6JK18I3+ONa8=
gopkg.in/yaml.v3 v3.0.1 h1:fxVm/GzAzEWqLHuvctI91KS9hhNmmWOoWu0XTYJS7CA=
pgregory.net/rapid v1.3.0 h1:vBvO0VSqti75J1jjYqpgPNBLKMd1+gxa9fYo7vk/Exc=
